// !$*UTF8*$!
{
	archiveVersion = 1;
	classes = {
	};
	objectVersion = 46;
	objects = {

/* Begin PBXBuildFile section */
		18AEFBD61E10C36400AFAF16 /* main.m in Sources */ = {isa = PBXBuildFile; fileRef = 18AEFBD51E10C36400AFAF16 /* main.m */; };
		18AEFBE71E10C36400AFAF16 /* Assets.xcassets in Resources */ = {isa = PBXBuildFile; fileRef = 18AEFBE61E10C36400AFAF16 /* Assets.xcassets */; };
		18AEFBF51E10C36400AFAF16 /* ProductTests.m in Sources */ = {isa = PBXBuildFile; fileRef = 18AEFBF41E10C36400AFAF16 /* ProductTests.m */; };
		18AEFC001E10C36400AFAF16 /* ProductUITests.m in Sources */ = {isa = PBXBuildFile; fileRef = 18AEFBFF1E10C36400AFAF16 /* ProductUITests.m */; };
		18AEFC121E10C3CE00AFAF16 /* AppDelegate.m in Sources */ = {isa = PBXBuildFile; fileRef = 18AEFC0F1E10C3CE00AFAF16 /* AppDelegate.m */; };
		18AEFC131E10C3CE00AFAF16 /* LaunchScreen.storyboard in Resources */ = {isa = PBXBuildFile; fileRef = 18AEFC101E10C3CE00AFAF16 /* LaunchScreen.storyboard */; };
		18AEFC141E10C3CE00AFAF16 /* Main.storyboard in Resources */ = {isa = PBXBuildFile; fileRef = 18AEFC111E10C3CE00AFAF16 /* Main.storyboard */; };
		540283FB1F25EB3200042B8A /* SearchResultVC.m in Sources */ = {isa = PBXBuildFile; fileRef = 540283F91F25EB3200042B8A /* SearchResultVC.m */; };
		540283FC1F25EB3200042B8A /* SearchResultVC.xib in Resources */ = {isa = PBXBuildFile; fileRef = 540283FA1F25EB3200042B8A /* SearchResultVC.xib */; };
		540367651F04E997001A2E1A /* AddMenuViewController.m in Sources */ = {isa = PBXBuildFile; fileRef = 540367531F04E997001A2E1A /* AddMenuViewController.m */; };
		540367661F04E997001A2E1A /* MyViewController.m in Sources */ = {isa = PBXBuildFile; fileRef = 540367551F04E997001A2E1A /* MyViewController.m */; };
		540367671F04E997001A2E1A /* ItemModel.m in Sources */ = {isa = PBXBuildFile; fileRef = 540367581F04E997001A2E1A /* ItemModel.m */; };
		540367681F04E997001A2E1A /* ItemCell.m in Sources */ = {isa = PBXBuildFile; fileRef = 5403675B1F04E997001A2E1A /* ItemCell.m */; };
		540367691F04E997001A2E1A /* ItemCellHeaderView.m in Sources */ = {isa = PBXBuildFile; fileRef = 5403675D1F04E997001A2E1A /* ItemCellHeaderView.m */; };
		5403676A1F04E997001A2E1A /* ItemGroup.m in Sources */ = {isa = PBXBuildFile; fileRef = 5403675F1F04E997001A2E1A /* ItemGroup.m */; };
		5403676B1F04E997001A2E1A /* MyCollectionCell.m in Sources */ = {isa = PBXBuildFile; fileRef = 540367611F04E997001A2E1A /* MyCollectionCell.m */; };
		5403676D1F04E997001A2E1A /* MyToolView.m in Sources */ = {isa = PBXBuildFile; fileRef = 540367641F04E997001A2E1A /* MyToolView.m */; };
		5413AB071F2730C000745264 /* CYLPlusButtonSubclass.m in Sources */ = {isa = PBXBuildFile; fileRef = 5413AB041F2730C000745264 /* CYLPlusButtonSubclass.m */; };
		5413AB081F2730C000745264 /* CYLTabBarControllerConfig.m in Sources */ = {isa = PBXBuildFile; fileRef = 5413AB061F2730C000745264 /* CYLTabBarControllerConfig.m */; };
		54152B371F209CC200A35678 /* XXTwoViewController.m in Sources */ = {isa = PBXBuildFile; fileRef = 54152B351F209CC200A35678 /* XXTwoViewController.m */; };
		54152B381F209CC200A35678 /* XXTwoViewController.xib in Resources */ = {isa = PBXBuildFile; fileRef = 54152B361F209CC200A35678 /* XXTwoViewController.xib */; };
		54152B3B1F20AC1E00A35678 /* UINavigationBar+Awesome.m in Sources */ = {isa = PBXBuildFile; fileRef = 54152B3A1F20AC1E00A35678 /* UINavigationBar+Awesome.m */; };
		544043131F1C619C00AFA9A7 /* MyCollectionCell.xib in Resources */ = {isa = PBXBuildFile; fileRef = 544043121F1C619C00AFA9A7 /* MyCollectionCell.xib */; };
		544043171F1C633100AFA9A7 /* AppDelegate+Extension.m in Sources */ = {isa = PBXBuildFile; fileRef = 544043161F1C633100AFA9A7 /* AppDelegate+Extension.m */; };
		5440431D1F1C880E00AFA9A7 /* LoginViewController.m in Sources */ = {isa = PBXBuildFile; fileRef = 5440431B1F1C880E00AFA9A7 /* LoginViewController.m */; };
		5440431E1F1C880E00AFA9A7 /* LoginViewController.xib in Resources */ = {isa = PBXBuildFile; fileRef = 5440431C1F1C880E00AFA9A7 /* LoginViewController.xib */; };
		544043211F1CB2B700AFA9A7 /* UITextField+Extension.m in Sources */ = {isa = PBXBuildFile; fileRef = 544043201F1CB2B700AFA9A7 /* UITextField+Extension.m */; };
		5444C2631EFBAA890044CC35 /* UIColor+ColorChange.m in Sources */ = {isa = PBXBuildFile; fileRef = 5444C2621EFBAA890044CC35 /* UIColor+ColorChange.m */; };
		54522FD81EE52C0E009C5E68 /* NavigationController.m in Sources */ = {isa = PBXBuildFile; fileRef = 54522FD31EE52C0E009C5E68 /* NavigationController.m */; };
		54522FDA1EE52C0E009C5E68 /* RootViewController.m in Sources */ = {isa = PBXBuildFile; fileRef = 54522FD71EE52C0E009C5E68 /* RootViewController.m */; };
		545B41291EFCDC2E0018F526 /* OneViewController.m in Sources */ = {isa = PBXBuildFile; fileRef = 545B41281EFCDC2E0018F526 /* OneViewController.m */; };
		545B412C1EFCDC390018F526 /* TwoViewController.m in Sources */ = {isa = PBXBuildFile; fileRef = 545B412B1EFCDC390018F526 /* TwoViewController.m */; };
		545BF81F1EF11A5300875BB3 /* DynamicImageArray.bundle in Resources */ = {isa = PBXBuildFile; fileRef = 545BF81E1EF11A5300875BB3 /* DynamicImageArray.bundle */; };
		54682ADC1F2B253100C2C7FF /* zhan_wei.png in Resources */ = {isa = PBXBuildFile; fileRef = 54682AD31F2B253100C2C7FF /* zhan_wei.png */; };
		54682ADD1F2B253100C2C7FF /* SearchNetworkRequest.m in Sources */ = {isa = PBXBuildFile; fileRef = 54682AD61F2B253100C2C7FF /* SearchNetworkRequest.m */; };
		54682AE61F2B265000C2C7FF /* ZZZZ.m in Sources */ = {isa = PBXBuildFile; fileRef = 54682AE51F2B265000C2C7FF /* ZZZZ.m */; };
		54682AE91F2B265E00C2C7FF /* Login_RegisteredNetworkRequest.m in Sources */ = {isa = PBXBuildFile; fileRef = 54682AE81F2B265E00C2C7FF /* Login_RegisteredNetworkRequest.m */; };
		54682AEC1F2B269200C2C7FF /* MyNetworkRequest.m in Sources */ = {isa = PBXBuildFile; fileRef = 54682AEB1F2B269200C2C7FF /* MyNetworkRequest.m */; };
		54682AF31F2B275C00C2C7FF /* ZhanWeiLei.m in Sources */ = {isa = PBXBuildFile; fileRef = 54682AEF1F2B275C00C2C7FF /* ZhanWeiLei.m */; };
		54682AF41F2B275C00C2C7FF /* ERPNetworkRequest.m in Sources */ = {isa = PBXBuildFile; fileRef = 54682AF21F2B275C00C2C7FF /* ERPNetworkRequest.m */; };
		54682B731F2B2BB800C2C7FF /* NinaSelectionView.m in Sources */ = {isa = PBXBuildFile; fileRef = 54682B511F2B2BB800C2C7FF /* NinaSelectionView.m */; };
		54682B741F2B2BB800C2C7FF /* PTXDatePickerView.m in Sources */ = {isa = PBXBuildFile; fileRef = 54682B551F2B2BB800C2C7FF /* PTXDatePickerView.m */; };
		54682B771F2B2BB800C2C7FF /* TAAbstractDotView.m in Sources */ = {isa = PBXBuildFile; fileRef = 54682B5E1F2B2BB800C2C7FF /* TAAbstractDotView.m */; };
		54682B781F2B2BB800C2C7FF /* TAAnimatedDotView.m in Sources */ = {isa = PBXBuildFile; fileRef = 54682B601F2B2BB800C2C7FF /* TAAnimatedDotView.m */; };
		54682B791F2B2BB800C2C7FF /* TADotView.m in Sources */ = {isa = PBXBuildFile; fileRef = 54682B621F2B2BB800C2C7FF /* TADotView.m */; };
		54682B7A1F2B2BB800C2C7FF /* TAPageControl.m in Sources */ = {isa = PBXBuildFile; fileRef = 54682B641F2B2BB800C2C7FF /* TAPageControl.m */; };
		54682B7B1F2B2BB800C2C7FF /* SDCollectionViewCell.m in Sources */ = {isa = PBXBuildFile; fileRef = 54682B661F2B2BB800C2C7FF /* SDCollectionViewCell.m */; };
		54682B7C1F2B2BB800C2C7FF /* SDCycleScrollView.m in Sources */ = {isa = PBXBuildFile; fileRef = 54682B681F2B2BB800C2C7FF /* SDCycleScrollView.m */; };
		54682B7D1F2B2BB800C2C7FF /* UIView+SDExtension.m in Sources */ = {isa = PBXBuildFile; fileRef = 54682B6A1F2B2BB800C2C7FF /* UIView+SDExtension.m */; };
		54682B7E1F2B2BB800C2C7FF /* TopNewView.m in Sources */ = {isa = PBXBuildFile; fileRef = 54682B6D1F2B2BB800C2C7FF /* TopNewView.m */; };
		54682B7F1F2B2BB800C2C7FF /* UIButton+HCBState.m in Sources */ = {isa = PBXBuildFile; fileRef = 54682B701F2B2BB800C2C7FF /* UIButton+HCBState.m */; };
		54682B801F2B2BB800C2C7FF /* XXVerticalButton.m in Sources */ = {isa = PBXBuildFile; fileRef = 54682B721F2B2BB800C2C7FF /* XXVerticalButton.m */; };
		5469A6811ED7C9240033AEA1 /* UIView+Extension.m in Sources */ = {isa = PBXBuildFile; fileRef = 5469A67E1ED7C9240033AEA1 /* UIView+Extension.m */; };
		5469A6821ED7C9240033AEA1 /* UIViewController+Extension.m in Sources */ = {isa = PBXBuildFile; fileRef = 5469A6801ED7C9240033AEA1 /* UIViewController+Extension.m */; };
		5469A6881ED7C9510033AEA1 /* UIBarButtonItem+Item.m in Sources */ = {isa = PBXBuildFile; fileRef = 5469A6851ED7C9510033AEA1 /* UIBarButtonItem+Item.m */; };
		5469A6891ED7C9510033AEA1 /* UINavigationController+FDFullscreenPopGesture.m in Sources */ = {isa = PBXBuildFile; fileRef = 5469A6871ED7C9510033AEA1 /* UINavigationController+FDFullscreenPopGesture.m */; };
		5469A6921ED7C9610033AEA1 /* XXPaymentLoadingHUD.m in Sources */ = {isa = PBXBuildFile; fileRef = 5469A68C1ED7C9610033AEA1 /* XXPaymentLoadingHUD.m */; };
		5469A6931ED7C9610033AEA1 /* XXPaymentSuccessHUD.m in Sources */ = {isa = PBXBuildFile; fileRef = 5469A68E1ED7C9610033AEA1 /* XXPaymentSuccessHUD.m */; };
		5469A6941ED7C9610033AEA1 /* XXProgressHUD.bundle in Resources */ = {isa = PBXBuildFile; fileRef = 5469A68F1ED7C9610033AEA1 /* XXProgressHUD.bundle */; };
		5469A6951ED7C9610033AEA1 /* XXProgressHUD.m in Sources */ = {isa = PBXBuildFile; fileRef = 5469A6911ED7C9610033AEA1 /* XXProgressHUD.m */; };
		5469A69B1ED7C9B60033AEA1 /* UIImage+Extension.m in Sources */ = {isa = PBXBuildFile; fileRef = 5469A6981ED7C9B60033AEA1 /* UIImage+Extension.m */; };
		5469A69C1ED7C9B60033AEA1 /* UIImageView+Extension.m in Sources */ = {isa = PBXBuildFile; fileRef = 5469A69A1ED7C9B60033AEA1 /* UIImageView+Extension.m */; };
		548680B71F2864E7004B1AE8 /* ShoppingOrderVC.m in Sources */ = {isa = PBXBuildFile; fileRef = 548680B61F2864E7004B1AE8 /* ShoppingOrderVC.m */; };
		548680BB1F286AB5004B1AE8 /* ShoppingOrderDefaultCell.m in Sources */ = {isa = PBXBuildFile; fileRef = 548680B91F286AB5004B1AE8 /* ShoppingOrderDefaultCell.m */; };
		548680BC1F286AB5004B1AE8 /* ShoppingOrderDefaultCell.xib in Resources */ = {isa = PBXBuildFile; fileRef = 548680BA1F286AB5004B1AE8 /* ShoppingOrderDefaultCell.xib */; };
		549D49EB1EB99A4E0016A62E /* XXNetWorkManager.m in Sources */ = {isa = PBXBuildFile; fileRef = 549D49EA1EB99A4E0016A62E /* XXNetWorkManager.m */; };
		54AFE8D81ED7D66800258F58 /* Foundation+Log.m in Sources */ = {isa = PBXBuildFile; fileRef = 54AFE8D71ED7D66800258F58 /* Foundation+Log.m */; };
		54B3E1311F298295007DF651 /* CommodityCell.m in Sources */ = {isa = PBXBuildFile; fileRef = 54B3E12F1F298295007DF651 /* CommodityCell.m */; };
		54B3E1321F298295007DF651 /* CommodityCell.xib in Resources */ = {isa = PBXBuildFile; fileRef = 54B3E1301F298295007DF651 /* CommodityCell.xib */; };
		54B3E1351F2990A6007DF651 /* CommodityModel.m in Sources */ = {isa = PBXBuildFile; fileRef = 54B3E1341F2990A6007DF651 /* CommodityModel.m */; };
		54B3E1391F29C6AE007DF651 /* SearchView.m in Sources */ = {isa = PBXBuildFile; fileRef = 54B3E1381F29C6AE007DF651 /* SearchView.m */; };
		54B3E13B1F29C6C1007DF651 /* SearchView.xib in Resources */ = {isa = PBXBuildFile; fileRef = 54B3E13A1F29C6C1007DF651 /* SearchView.xib */; };
		54C21EAF1EC2B22000D63166 /* infoPlist.strings in Resources */ = {isa = PBXBuildFile; fileRef = 54C21EB11EC2B22000D63166 /* infoPlist.strings */; };
		54C29EA71F22048A00CFA646 /* XXThreeViewController.m in Sources */ = {isa = PBXBuildFile; fileRef = 54C29EA61F22048A00CFA646 /* XXThreeViewController.m */; };
		54C3ABBA1EE0152E00AC9375 /* XXHelper.m in Sources */ = {isa = PBXBuildFile; fileRef = 54C3ABB91EE0152E00AC9375 /* XXHelper.m */; };
		54D17DB81F00CBAC00878487 /* PublishViewController.m in Sources */ = {isa = PBXBuildFile; fileRef = 54D17DB71F00CBAC00878487 /* PublishViewController.m */; };
		54D7A9501EF36F8300DFAC3E /* MMPopupViewDemoVC.m in Sources */ = {isa = PBXBuildFile; fileRef = 54D7A9431EF36F8300DFAC3E /* MMPopupViewDemoVC.m */; };
		54D7A9511EF36F8300DFAC3E /* MMPopupViewDemoVC.xib in Resources */ = {isa = PBXBuildFile; fileRef = 54D7A9441EF36F8300DFAC3E /* MMPopupViewDemoVC.xib */; };
		54D7A9571EF36F8300DFAC3E /* XXViewController.m in Sources */ = {isa = PBXBuildFile; fileRef = 54D7A94E1EF36F8300DFAC3E /* XXViewController.m */; };
		54D7A9581EF36F8300DFAC3E /* XXViewController.xib in Resources */ = {isa = PBXBuildFile; fileRef = 54D7A94F1EF36F8300DFAC3E /* XXViewController.xib */; };
		54FAB25E1F14C8200019DA31 /* SettingVC.m in Sources */ = {isa = PBXBuildFile; fileRef = 54FAB25C1F14C8200019DA31 /* SettingVC.m */; };
		54FAB25F1F14C8200019DA31 /* SettingVC.xib in Resources */ = {isa = PBXBuildFile; fileRef = 54FAB25D1F14C8200019DA31 /* SettingVC.xib */; };
		54FAB2631F14D0F90019DA31 /* SettingCell.m in Sources */ = {isa = PBXBuildFile; fileRef = 54FAB2611F14D0F90019DA31 /* SettingCell.m */; };
		54FAB2641F14D0F90019DA31 /* SettingCell.xib in Resources */ = {isa = PBXBuildFile; fileRef = 54FAB2621F14D0F90019DA31 /* SettingCell.xib */; };
		54FD76891F4ADC7000CA13C5 /* ContactsViewController.m in Sources */ = {isa = PBXBuildFile; fileRef = 54FD767D1F4ADC7000CA13C5 /* ContactsViewController.m */; };
		54FD768A1F4ADC7000CA13C5 /* GroupViewController.m in Sources */ = {isa = PBXBuildFile; fileRef = 54FD767F1F4ADC7000CA13C5 /* GroupViewController.m */; };
		54FD768B1F4ADC7000CA13C5 /* contacts.json in Resources */ = {isa = PBXBuildFile; fileRef = 54FD76801F4ADC7000CA13C5 /* contacts.json */; };
		54FD768C1F4ADC7000CA13C5 /* ContactsModel.m in Sources */ = {isa = PBXBuildFile; fileRef = 54FD76831F4ADC7000CA13C5 /* ContactsModel.m */; };
		54FD768D1F4ADC7000CA13C5 /* GroupModel.m in Sources */ = {isa = PBXBuildFile; fileRef = 54FD76851F4ADC7000CA13C5 /* GroupModel.m */; };
		54FD768E1F4ADC7000CA13C5 /* ContactsCell.m in Sources */ = {isa = PBXBuildFile; fileRef = 54FD76881F4ADC7000CA13C5 /* ContactsCell.m */; };
		78414B0BEFFBFCF30DDC872A /* libPods-Product.a in Frameworks */ = {isa = PBXBuildFile; fileRef = 2D7588D42A2359605113B65F /* libPods-Product.a */; };
/* End PBXBuildFile section */

/* Begin PBXContainerItemProxy section */
		18AEFBF11E10C36400AFAF16 /* PBXContainerItemProxy */ = {
			isa = PBXContainerItemProxy;
			containerPortal = 18AEFBC91E10C36400AFAF16 /* Project object */;
			proxyType = 1;
			remoteGlobalIDString = 18AEFBD01E10C36400AFAF16;
			remoteInfo = Product;
		};
		18AEFBFC1E10C36400AFAF16 /* PBXContainerItemProxy */ = {
			isa = PBXContainerItemProxy;
			containerPortal = 18AEFBC91E10C36400AFAF16 /* Project object */;
			proxyType = 1;
			remoteGlobalIDString = 18AEFBD01E10C36400AFAF16;
			remoteInfo = Product;
		};
/* End PBXContainerItemProxy section */

/* Begin PBXFileReference section */
		18AEFBD11E10C36400AFAF16 /* Product.app */ = {isa = PBXFileReference; explicitFileType = wrapper.application; includeInIndex = 0; path = Product.app; sourceTree = BUILT_PRODUCTS_DIR; };
		18AEFBD51E10C36400AFAF16 /* main.m */ = {isa = PBXFileReference; lastKnownFileType = sourcecode.c.objc; path = main.m; sourceTree = "<group>"; };
		18AEFBE61E10C36400AFAF16 /* Assets.xcassets */ = {isa = PBXFileReference; lastKnownFileType = folder.assetcatalog; path = Assets.xcassets; sourceTree = "<group>"; };
		18AEFBEB1E10C36400AFAF16 /* Info.plist */ = {isa = PBXFileReference; lastKnownFileType = text.plist.xml; path = Info.plist; sourceTree = "<group>"; };
		18AEFBF01E10C36400AFAF16 /* ProductTests.xctest */ = {isa = PBXFileReference; explicitFileType = wrapper.cfbundle; includeInIndex = 0; path = ProductTests.xctest; sourceTree = BUILT_PRODUCTS_DIR; };
		18AEFBF41E10C36400AFAF16 /* ProductTests.m */ = {isa = PBXFileReference; lastKnownFileType = sourcecode.c.objc; path = ProductTests.m; sourceTree = "<group>"; };
		18AEFBF61E10C36400AFAF16 /* Info.plist */ = {isa = PBXFileReference; lastKnownFileType = text.plist.xml; path = Info.plist; sourceTree = "<group>"; };
		18AEFBFB1E10C36400AFAF16 /* ProductUITests.xctest */ = {isa = PBXFileReference; explicitFileType = wrapper.cfbundle; includeInIndex = 0; path = ProductUITests.xctest; sourceTree = BUILT_PRODUCTS_DIR; };
		18AEFBFF1E10C36400AFAF16 /* ProductUITests.m */ = {isa = PBXFileReference; lastKnownFileType = sourcecode.c.objc; path = ProductUITests.m; sourceTree = "<group>"; };
		18AEFC011E10C36400AFAF16 /* Info.plist */ = {isa = PBXFileReference; lastKnownFileType = text.plist.xml; path = Info.plist; sourceTree = "<group>"; };
		18AEFC0E1E10C3CE00AFAF16 /* AppDelegate.h */ = {isa = PBXFileReference; fileEncoding = 4; lastKnownFileType = sourcecode.c.h; path = AppDelegate.h; sourceTree = "<group>"; };
		18AEFC0F1E10C3CE00AFAF16 /* AppDelegate.m */ = {isa = PBXFileReference; fileEncoding = 4; lastKnownFileType = sourcecode.c.objc; path = AppDelegate.m; sourceTree = "<group>"; };
		18AEFC101E10C3CE00AFAF16 /* LaunchScreen.storyboard */ = {isa = PBXFileReference; fileEncoding = 4; lastKnownFileType = file.storyboard; path = LaunchScreen.storyboard; sourceTree = "<group>"; };
		18AEFC111E10C3CE00AFAF16 /* Main.storyboard */ = {isa = PBXFileReference; fileEncoding = 4; lastKnownFileType = file.storyboard; path = Main.storyboard; sourceTree = "<group>"; };
		2D7588D42A2359605113B65F /* libPods-Product.a */ = {isa = PBXFileReference; explicitFileType = archive.ar; includeInIndex = 0; path = "libPods-Product.a"; sourceTree = BUILT_PRODUCTS_DIR; };
		540283F81F25EB3200042B8A /* SearchResultVC.h */ = {isa = PBXFileReference; fileEncoding = 4; lastKnownFileType = sourcecode.c.h; path = SearchResultVC.h; sourceTree = "<group>"; };
		540283F91F25EB3200042B8A /* SearchResultVC.m */ = {isa = PBXFileReference; fileEncoding = 4; lastKnownFileType = sourcecode.c.objc; path = SearchResultVC.m; sourceTree = "<group>"; };
		540283FA1F25EB3200042B8A /* SearchResultVC.xib */ = {isa = PBXFileReference; fileEncoding = 4; lastKnownFileType = file.xib; path = SearchResultVC.xib; sourceTree = "<group>"; };
		540367521F04E997001A2E1A /* AddMenuViewController.h */ = {isa = PBXFileReference; fileEncoding = 4; lastKnownFileType = sourcecode.c.h; path = AddMenuViewController.h; sourceTree = "<group>"; };
		540367531F04E997001A2E1A /* AddMenuViewController.m */ = {isa = PBXFileReference; fileEncoding = 4; lastKnownFileType = sourcecode.c.objc; path = AddMenuViewController.m; sourceTree = "<group>"; };
		540367541F04E997001A2E1A /* MyViewController.h */ = {isa = PBXFileReference; fileEncoding = 4; lastKnownFileType = sourcecode.c.h; path = MyViewController.h; sourceTree = "<group>"; };
		540367551F04E997001A2E1A /* MyViewController.m */ = {isa = PBXFileReference; fileEncoding = 4; lastKnownFileType = sourcecode.c.objc; path = MyViewController.m; sourceTree = "<group>"; };
		540367571F04E997001A2E1A /* ItemModel.h */ = {isa = PBXFileReference; fileEncoding = 4; lastKnownFileType = sourcecode.c.h; path = ItemModel.h; sourceTree = "<group>"; };
		540367581F04E997001A2E1A /* ItemModel.m */ = {isa = PBXFileReference; fileEncoding = 4; lastKnownFileType = sourcecode.c.objc; path = ItemModel.m; sourceTree = "<group>"; };
		5403675A1F04E997001A2E1A /* ItemCell.h */ = {isa = PBXFileReference; fileEncoding = 4; lastKnownFileType = sourcecode.c.h; path = ItemCell.h; sourceTree = "<group>"; };
		5403675B1F04E997001A2E1A /* ItemCell.m */ = {isa = PBXFileReference; fileEncoding = 4; lastKnownFileType = sourcecode.c.objc; path = ItemCell.m; sourceTree = "<group>"; };
		5403675C1F04E997001A2E1A /* ItemCellHeaderView.h */ = {isa = PBXFileReference; fileEncoding = 4; lastKnownFileType = sourcecode.c.h; path = ItemCellHeaderView.h; sourceTree = "<group>"; };
		5403675D1F04E997001A2E1A /* ItemCellHeaderView.m */ = {isa = PBXFileReference; fileEncoding = 4; lastKnownFileType = sourcecode.c.objc; path = ItemCellHeaderView.m; sourceTree = "<group>"; };
		5403675E1F04E997001A2E1A /* ItemGroup.h */ = {isa = PBXFileReference; fileEncoding = 4; lastKnownFileType = sourcecode.c.h; path = ItemGroup.h; sourceTree = "<group>"; };
		5403675F1F04E997001A2E1A /* ItemGroup.m */ = {isa = PBXFileReference; fileEncoding = 4; lastKnownFileType = sourcecode.c.objc; path = ItemGroup.m; sourceTree = "<group>"; };
		540367601F04E997001A2E1A /* MyCollectionCell.h */ = {isa = PBXFileReference; fileEncoding = 4; lastKnownFileType = sourcecode.c.h; path = MyCollectionCell.h; sourceTree = "<group>"; };
		540367611F04E997001A2E1A /* MyCollectionCell.m */ = {isa = PBXFileReference; fileEncoding = 4; lastKnownFileType = sourcecode.c.objc; path = MyCollectionCell.m; sourceTree = "<group>"; };
		540367631F04E997001A2E1A /* MyToolView.h */ = {isa = PBXFileReference; fileEncoding = 4; lastKnownFileType = sourcecode.c.h; path = MyToolView.h; sourceTree = "<group>"; };
		540367641F04E997001A2E1A /* MyToolView.m */ = {isa = PBXFileReference; fileEncoding = 4; lastKnownFileType = sourcecode.c.objc; path = MyToolView.m; sourceTree = "<group>"; };
		5413AB031F2730C000745264 /* CYLPlusButtonSubclass.h */ = {isa = PBXFileReference; fileEncoding = 4; lastKnownFileType = sourcecode.c.h; path = CYLPlusButtonSubclass.h; sourceTree = "<group>"; };
		5413AB041F2730C000745264 /* CYLPlusButtonSubclass.m */ = {isa = PBXFileReference; fileEncoding = 4; lastKnownFileType = sourcecode.c.objc; path = CYLPlusButtonSubclass.m; sourceTree = "<group>"; };
		5413AB051F2730C000745264 /* CYLTabBarControllerConfig.h */ = {isa = PBXFileReference; fileEncoding = 4; lastKnownFileType = sourcecode.c.h; path = CYLTabBarControllerConfig.h; sourceTree = "<group>"; };
		5413AB061F2730C000745264 /* CYLTabBarControllerConfig.m */ = {isa = PBXFileReference; fileEncoding = 4; lastKnownFileType = sourcecode.c.objc; path = CYLTabBarControllerConfig.m; sourceTree = "<group>"; };
		54152B341F209CC200A35678 /* XXTwoViewController.h */ = {isa = PBXFileReference; fileEncoding = 4; lastKnownFileType = sourcecode.c.h; path = XXTwoViewController.h; sourceTree = "<group>"; };
		54152B351F209CC200A35678 /* XXTwoViewController.m */ = {isa = PBXFileReference; fileEncoding = 4; lastKnownFileType = sourcecode.c.objc; path = XXTwoViewController.m; sourceTree = "<group>"; };
		54152B361F209CC200A35678 /* XXTwoViewController.xib */ = {isa = PBXFileReference; fileEncoding = 4; lastKnownFileType = file.xib; path = XXTwoViewController.xib; sourceTree = "<group>"; };
		54152B391F20AC1E00A35678 /* UINavigationBar+Awesome.h */ = {isa = PBXFileReference; fileEncoding = 4; lastKnownFileType = sourcecode.c.h; path = "UINavigationBar+Awesome.h"; sourceTree = "<group>"; };
		54152B3A1F20AC1E00A35678 /* UINavigationBar+Awesome.m */ = {isa = PBXFileReference; fileEncoding = 4; lastKnownFileType = sourcecode.c.objc; path = "UINavigationBar+Awesome.m"; sourceTree = "<group>"; };
		544043121F1C619C00AFA9A7 /* MyCollectionCell.xib */ = {isa = PBXFileReference; fileEncoding = 4; lastKnownFileType = file.xib; path = MyCollectionCell.xib; sourceTree = "<group>"; };
		544043151F1C633100AFA9A7 /* AppDelegate+Extension.h */ = {isa = PBXFileReference; fileEncoding = 4; lastKnownFileType = sourcecode.c.h; path = "AppDelegate+Extension.h"; sourceTree = "<group>"; };
		544043161F1C633100AFA9A7 /* AppDelegate+Extension.m */ = {isa = PBXFileReference; fileEncoding = 4; lastKnownFileType = sourcecode.c.objc; path = "AppDelegate+Extension.m"; sourceTree = "<group>"; };
		5440431A1F1C880E00AFA9A7 /* LoginViewController.h */ = {isa = PBXFileReference; fileEncoding = 4; lastKnownFileType = sourcecode.c.h; path = LoginViewController.h; sourceTree = "<group>"; };
		5440431B1F1C880E00AFA9A7 /* LoginViewController.m */ = {isa = PBXFileReference; fileEncoding = 4; lastKnownFileType = sourcecode.c.objc; path = LoginViewController.m; sourceTree = "<group>"; };
		5440431C1F1C880E00AFA9A7 /* LoginViewController.xib */ = {isa = PBXFileReference; fileEncoding = 4; lastKnownFileType = file.xib; path = LoginViewController.xib; sourceTree = "<group>"; };
		5440431F1F1CB2B700AFA9A7 /* UITextField+Extension.h */ = {isa = PBXFileReference; fileEncoding = 4; lastKnownFileType = sourcecode.c.h; path = "UITextField+Extension.h"; sourceTree = "<group>"; };
		544043201F1CB2B700AFA9A7 /* UITextField+Extension.m */ = {isa = PBXFileReference; fileEncoding = 4; lastKnownFileType = sourcecode.c.objc; path = "UITextField+Extension.m"; sourceTree = "<group>"; };
		5444C2611EFBAA890044CC35 /* UIColor+ColorChange.h */ = {isa = PBXFileReference; fileEncoding = 4; lastKnownFileType = sourcecode.c.h; path = "UIColor+ColorChange.h"; sourceTree = "<group>"; };
		5444C2621EFBAA890044CC35 /* UIColor+ColorChange.m */ = {isa = PBXFileReference; fileEncoding = 4; lastKnownFileType = sourcecode.c.objc; path = "UIColor+ColorChange.m"; sourceTree = "<group>"; };
		54522FD21EE52C0E009C5E68 /* NavigationController.h */ = {isa = PBXFileReference; fileEncoding = 4; lastKnownFileType = sourcecode.c.h; path = NavigationController.h; sourceTree = "<group>"; };
		54522FD31EE52C0E009C5E68 /* NavigationController.m */ = {isa = PBXFileReference; fileEncoding = 4; lastKnownFileType = sourcecode.c.objc; path = NavigationController.m; sourceTree = "<group>"; };
		54522FD61EE52C0E009C5E68 /* RootViewController.h */ = {isa = PBXFileReference; fileEncoding = 4; lastKnownFileType = sourcecode.c.h; path = RootViewController.h; sourceTree = "<group>"; };
		54522FD71EE52C0E009C5E68 /* RootViewController.m */ = {isa = PBXFileReference; fileEncoding = 4; lastKnownFileType = sourcecode.c.objc; path = RootViewController.m; sourceTree = "<group>"; };
		545B41271EFCDC2E0018F526 /* OneViewController.h */ = {isa = PBXFileReference; fileEncoding = 4; lastKnownFileType = sourcecode.c.h; path = OneViewController.h; sourceTree = "<group>"; };
		545B41281EFCDC2E0018F526 /* OneViewController.m */ = {isa = PBXFileReference; fileEncoding = 4; lastKnownFileType = sourcecode.c.objc; path = OneViewController.m; sourceTree = "<group>"; };
		545B412A1EFCDC390018F526 /* TwoViewController.h */ = {isa = PBXFileReference; fileEncoding = 4; lastKnownFileType = sourcecode.c.h; path = TwoViewController.h; sourceTree = "<group>"; };
		545B412B1EFCDC390018F526 /* TwoViewController.m */ = {isa = PBXFileReference; fileEncoding = 4; lastKnownFileType = sourcecode.c.objc; path = TwoViewController.m; sourceTree = "<group>"; };
		545BF81E1EF11A5300875BB3 /* DynamicImageArray.bundle */ = {isa = PBXFileReference; lastKnownFileType = "wrapper.plug-in"; path = DynamicImageArray.bundle; sourceTree = "<group>"; };
		54682AD31F2B253100C2C7FF /* zhan_wei.png */ = {isa = PBXFileReference; lastKnownFileType = image.png; path = zhan_wei.png; sourceTree = "<group>"; };
		54682AD51F2B253100C2C7FF /* SearchNetworkRequest.h */ = {isa = PBXFileReference; fileEncoding = 4; lastKnownFileType = sourcecode.c.h; path = SearchNetworkRequest.h; sourceTree = "<group>"; };
		54682AD61F2B253100C2C7FF /* SearchNetworkRequest.m */ = {isa = PBXFileReference; fileEncoding = 4; lastKnownFileType = sourcecode.c.objc; path = SearchNetworkRequest.m; sourceTree = "<group>"; };
		54682AE41F2B265000C2C7FF /* ZZZZ.h */ = {isa = PBXFileReference; fileEncoding = 4; lastKnownFileType = sourcecode.c.h; path = ZZZZ.h; sourceTree = "<group>"; };
		54682AE51F2B265000C2C7FF /* ZZZZ.m */ = {isa = PBXFileReference; fileEncoding = 4; lastKnownFileType = sourcecode.c.objc; path = ZZZZ.m; sourceTree = "<group>"; };
		54682AE71F2B265E00C2C7FF /* Login_RegisteredNetworkRequest.h */ = {isa = PBXFileReference; fileEncoding = 4; lastKnownFileType = sourcecode.c.h; path = Login_RegisteredNetworkRequest.h; sourceTree = "<group>"; };
		54682AE81F2B265E00C2C7FF /* Login_RegisteredNetworkRequest.m */ = {isa = PBXFileReference; fileEncoding = 4; lastKnownFileType = sourcecode.c.objc; path = Login_RegisteredNetworkRequest.m; sourceTree = "<group>"; };
		54682AEA1F2B269200C2C7FF /* MyNetworkRequest.h */ = {isa = PBXFileReference; fileEncoding = 4; lastKnownFileType = sourcecode.c.h; path = MyNetworkRequest.h; sourceTree = "<group>"; };
		54682AEB1F2B269200C2C7FF /* MyNetworkRequest.m */ = {isa = PBXFileReference; fileEncoding = 4; lastKnownFileType = sourcecode.c.objc; path = MyNetworkRequest.m; sourceTree = "<group>"; };
		54682AEE1F2B275C00C2C7FF /* ZhanWeiLei.h */ = {isa = PBXFileReference; fileEncoding = 4; lastKnownFileType = sourcecode.c.h; path = ZhanWeiLei.h; sourceTree = "<group>"; };
		54682AEF1F2B275C00C2C7FF /* ZhanWeiLei.m */ = {isa = PBXFileReference; fileEncoding = 4; lastKnownFileType = sourcecode.c.objc; path = ZhanWeiLei.m; sourceTree = "<group>"; };
		54682AF11F2B275C00C2C7FF /* ERPNetworkRequest.h */ = {isa = PBXFileReference; fileEncoding = 4; lastKnownFileType = sourcecode.c.h; path = ERPNetworkRequest.h; sourceTree = "<group>"; };
		54682AF21F2B275C00C2C7FF /* ERPNetworkRequest.m */ = {isa = PBXFileReference; fileEncoding = 4; lastKnownFileType = sourcecode.c.objc; path = ERPNetworkRequest.m; sourceTree = "<group>"; };
		54682B501F2B2BB800C2C7FF /* NinaSelectionView.h */ = {isa = PBXFileReference; fileEncoding = 4; lastKnownFileType = sourcecode.c.h; path = NinaSelectionView.h; sourceTree = "<group>"; };
		54682B511F2B2BB800C2C7FF /* NinaSelectionView.m */ = {isa = PBXFileReference; fileEncoding = 4; lastKnownFileType = sourcecode.c.objc; path = NinaSelectionView.m; sourceTree = "<group>"; };
		54682B521F2B2BB800C2C7FF /* UIParameter.h */ = {isa = PBXFileReference; fileEncoding = 4; lastKnownFileType = sourcecode.c.h; path = UIParameter.h; sourceTree = "<group>"; };
		54682B541F2B2BB800C2C7FF /* PTXDatePickerView.h */ = {isa = PBXFileReference; fileEncoding = 4; lastKnownFileType = sourcecode.c.h; path = PTXDatePickerView.h; sourceTree = "<group>"; };
		54682B551F2B2BB800C2C7FF /* PTXDatePickerView.m */ = {isa = PBXFileReference; fileEncoding = 4; lastKnownFileType = sourcecode.c.objc; path = PTXDatePickerView.m; sourceTree = "<group>"; };
		54682B5D1F2B2BB800C2C7FF /* TAAbstractDotView.h */ = {isa = PBXFileReference; fileEncoding = 4; lastKnownFileType = sourcecode.c.h; path = TAAbstractDotView.h; sourceTree = "<group>"; };
		54682B5E1F2B2BB800C2C7FF /* TAAbstractDotView.m */ = {isa = PBXFileReference; fileEncoding = 4; lastKnownFileType = sourcecode.c.objc; path = TAAbstractDotView.m; sourceTree = "<group>"; };
		54682B5F1F2B2BB800C2C7FF /* TAAnimatedDotView.h */ = {isa = PBXFileReference; fileEncoding = 4; lastKnownFileType = sourcecode.c.h; path = TAAnimatedDotView.h; sourceTree = "<group>"; };
		54682B601F2B2BB800C2C7FF /* TAAnimatedDotView.m */ = {isa = PBXFileReference; fileEncoding = 4; lastKnownFileType = sourcecode.c.objc; path = TAAnimatedDotView.m; sourceTree = "<group>"; };
		54682B611F2B2BB800C2C7FF /* TADotView.h */ = {isa = PBXFileReference; fileEncoding = 4; lastKnownFileType = sourcecode.c.h; path = TADotView.h; sourceTree = "<group>"; };
		54682B621F2B2BB800C2C7FF /* TADotView.m */ = {isa = PBXFileReference; fileEncoding = 4; lastKnownFileType = sourcecode.c.objc; path = TADotView.m; sourceTree = "<group>"; };
		54682B631F2B2BB800C2C7FF /* TAPageControl.h */ = {isa = PBXFileReference; fileEncoding = 4; lastKnownFileType = sourcecode.c.h; path = TAPageControl.h; sourceTree = "<group>"; };
		54682B641F2B2BB800C2C7FF /* TAPageControl.m */ = {isa = PBXFileReference; fileEncoding = 4; lastKnownFileType = sourcecode.c.objc; path = TAPageControl.m; sourceTree = "<group>"; };
		54682B651F2B2BB800C2C7FF /* SDCollectionViewCell.h */ = {isa = PBXFileReference; fileEncoding = 4; lastKnownFileType = sourcecode.c.h; path = SDCollectionViewCell.h; sourceTree = "<group>"; };
		54682B661F2B2BB800C2C7FF /* SDCollectionViewCell.m */ = {isa = PBXFileReference; fileEncoding = 4; lastKnownFileType = sourcecode.c.objc; path = SDCollectionViewCell.m; sourceTree = "<group>"; };
		54682B671F2B2BB800C2C7FF /* SDCycleScrollView.h */ = {isa = PBXFileReference; fileEncoding = 4; lastKnownFileType = sourcecode.c.h; path = SDCycleScrollView.h; sourceTree = "<group>"; };
		54682B681F2B2BB800C2C7FF /* SDCycleScrollView.m */ = {isa = PBXFileReference; fileEncoding = 4; lastKnownFileType = sourcecode.c.objc; path = SDCycleScrollView.m; sourceTree = "<group>"; };
		54682B691F2B2BB800C2C7FF /* UIView+SDExtension.h */ = {isa = PBXFileReference; fileEncoding = 4; lastKnownFileType = sourcecode.c.h; path = "UIView+SDExtension.h"; sourceTree = "<group>"; };
		54682B6A1F2B2BB800C2C7FF /* UIView+SDExtension.m */ = {isa = PBXFileReference; fileEncoding = 4; lastKnownFileType = sourcecode.c.objc; path = "UIView+SDExtension.m"; sourceTree = "<group>"; };
		54682B6C1F2B2BB800C2C7FF /* TopNewView.h */ = {isa = PBXFileReference; fileEncoding = 4; lastKnownFileType = sourcecode.c.h; path = TopNewView.h; sourceTree = "<group>"; };
		54682B6D1F2B2BB800C2C7FF /* TopNewView.m */ = {isa = PBXFileReference; fileEncoding = 4; lastKnownFileType = sourcecode.c.objc; path = TopNewView.m; sourceTree = "<group>"; };
		54682B6F1F2B2BB800C2C7FF /* UIButton+HCBState.h */ = {isa = PBXFileReference; fileEncoding = 4; lastKnownFileType = sourcecode.c.h; path = "UIButton+HCBState.h"; sourceTree = "<group>"; };
		54682B701F2B2BB800C2C7FF /* UIButton+HCBState.m */ = {isa = PBXFileReference; fileEncoding = 4; lastKnownFileType = sourcecode.c.objc; path = "UIButton+HCBState.m"; sourceTree = "<group>"; };
		54682B711F2B2BB800C2C7FF /* XXVerticalButton.h */ = {isa = PBXFileReference; fileEncoding = 4; lastKnownFileType = sourcecode.c.h; path = XXVerticalButton.h; sourceTree = "<group>"; };
		54682B721F2B2BB800C2C7FF /* XXVerticalButton.m */ = {isa = PBXFileReference; fileEncoding = 4; lastKnownFileType = sourcecode.c.objc; path = XXVerticalButton.m; sourceTree = "<group>"; };
		5469A67D1ED7C9240033AEA1 /* UIView+Extension.h */ = {isa = PBXFileReference; fileEncoding = 4; lastKnownFileType = sourcecode.c.h; path = "UIView+Extension.h"; sourceTree = "<group>"; };
		5469A67E1ED7C9240033AEA1 /* UIView+Extension.m */ = {isa = PBXFileReference; fileEncoding = 4; lastKnownFileType = sourcecode.c.objc; path = "UIView+Extension.m"; sourceTree = "<group>"; };
		5469A67F1ED7C9240033AEA1 /* UIViewController+Extension.h */ = {isa = PBXFileReference; fileEncoding = 4; lastKnownFileType = sourcecode.c.h; path = "UIViewController+Extension.h"; sourceTree = "<group>"; };
		5469A6801ED7C9240033AEA1 /* UIViewController+Extension.m */ = {isa = PBXFileReference; fileEncoding = 4; lastKnownFileType = sourcecode.c.objc; path = "UIViewController+Extension.m"; sourceTree = "<group>"; };
		5469A6841ED7C9510033AEA1 /* UIBarButtonItem+Item.h */ = {isa = PBXFileReference; fileEncoding = 4; lastKnownFileType = sourcecode.c.h; path = "UIBarButtonItem+Item.h"; sourceTree = "<group>"; };
		5469A6851ED7C9510033AEA1 /* UIBarButtonItem+Item.m */ = {isa = PBXFileReference; fileEncoding = 4; lastKnownFileType = sourcecode.c.objc; path = "UIBarButtonItem+Item.m"; sourceTree = "<group>"; };
		5469A6861ED7C9510033AEA1 /* UINavigationController+FDFullscreenPopGesture.h */ = {isa = PBXFileReference; fileEncoding = 4; lastKnownFileType = sourcecode.c.h; path = "UINavigationController+FDFullscreenPopGesture.h"; sourceTree = "<group>"; };
		5469A6871ED7C9510033AEA1 /* UINavigationController+FDFullscreenPopGesture.m */ = {isa = PBXFileReference; fileEncoding = 4; lastKnownFileType = sourcecode.c.objc; path = "UINavigationController+FDFullscreenPopGesture.m"; sourceTree = "<group>"; };
		5469A68B1ED7C9610033AEA1 /* XXPaymentLoadingHUD.h */ = {isa = PBXFileReference; fileEncoding = 4; lastKnownFileType = sourcecode.c.h; path = XXPaymentLoadingHUD.h; sourceTree = "<group>"; };
		5469A68C1ED7C9610033AEA1 /* XXPaymentLoadingHUD.m */ = {isa = PBXFileReference; fileEncoding = 4; lastKnownFileType = sourcecode.c.objc; path = XXPaymentLoadingHUD.m; sourceTree = "<group>"; };
		5469A68D1ED7C9610033AEA1 /* XXPaymentSuccessHUD.h */ = {isa = PBXFileReference; fileEncoding = 4; lastKnownFileType = sourcecode.c.h; path = XXPaymentSuccessHUD.h; sourceTree = "<group>"; };
		5469A68E1ED7C9610033AEA1 /* XXPaymentSuccessHUD.m */ = {isa = PBXFileReference; fileEncoding = 4; lastKnownFileType = sourcecode.c.objc; path = XXPaymentSuccessHUD.m; sourceTree = "<group>"; };
		5469A68F1ED7C9610033AEA1 /* XXProgressHUD.bundle */ = {isa = PBXFileReference; lastKnownFileType = "wrapper.plug-in"; path = XXProgressHUD.bundle; sourceTree = "<group>"; };
		5469A6901ED7C9610033AEA1 /* XXProgressHUD.h */ = {isa = PBXFileReference; fileEncoding = 4; lastKnownFileType = sourcecode.c.h; path = XXProgressHUD.h; sourceTree = "<group>"; };
		5469A6911ED7C9610033AEA1 /* XXProgressHUD.m */ = {isa = PBXFileReference; fileEncoding = 4; lastKnownFileType = sourcecode.c.objc; path = XXProgressHUD.m; sourceTree = "<group>"; };
		5469A6971ED7C9B60033AEA1 /* UIImage+Extension.h */ = {isa = PBXFileReference; fileEncoding = 4; lastKnownFileType = sourcecode.c.h; path = "UIImage+Extension.h"; sourceTree = "<group>"; };
		5469A6981ED7C9B60033AEA1 /* UIImage+Extension.m */ = {isa = PBXFileReference; fileEncoding = 4; lastKnownFileType = sourcecode.c.objc; path = "UIImage+Extension.m"; sourceTree = "<group>"; };
		5469A6991ED7C9B60033AEA1 /* UIImageView+Extension.h */ = {isa = PBXFileReference; fileEncoding = 4; lastKnownFileType = sourcecode.c.h; path = "UIImageView+Extension.h"; sourceTree = "<group>"; };
		5469A69A1ED7C9B60033AEA1 /* UIImageView+Extension.m */ = {isa = PBXFileReference; fileEncoding = 4; lastKnownFileType = sourcecode.c.objc; path = "UIImageView+Extension.m"; sourceTree = "<group>"; };
		548680B21F28354D004B1AE8 /* API.pch */ = {isa = PBXFileReference; fileEncoding = 4; lastKnownFileType = sourcecode.c.h; path = API.pch; sourceTree = "<group>"; };
		548680B31F28354D004B1AE8 /* Header.h */ = {isa = PBXFileReference; fileEncoding = 4; lastKnownFileType = sourcecode.c.h; path = Header.h; sourceTree = "<group>"; };
		548680B41F28354D004B1AE8 /* Product.pch */ = {isa = PBXFileReference; fileEncoding = 4; lastKnownFileType = sourcecode.c.h; path = Product.pch; sourceTree = "<group>"; };
		548680B51F2864E6004B1AE8 /* ShoppingOrderVC.h */ = {isa = PBXFileReference; fileEncoding = 4; lastKnownFileType = sourcecode.c.h; path = ShoppingOrderVC.h; sourceTree = "<group>"; };
		548680B61F2864E7004B1AE8 /* ShoppingOrderVC.m */ = {isa = PBXFileReference; fileEncoding = 4; lastKnownFileType = sourcecode.c.objc; path = ShoppingOrderVC.m; sourceTree = "<group>"; };
		548680B81F286AB5004B1AE8 /* ShoppingOrderDefaultCell.h */ = {isa = PBXFileReference; fileEncoding = 4; lastKnownFileType = sourcecode.c.h; path = ShoppingOrderDefaultCell.h; sourceTree = "<group>"; };
		548680B91F286AB5004B1AE8 /* ShoppingOrderDefaultCell.m */ = {isa = PBXFileReference; fileEncoding = 4; lastKnownFileType = sourcecode.c.objc; path = ShoppingOrderDefaultCell.m; sourceTree = "<group>"; };
		548680BA1F286AB5004B1AE8 /* ShoppingOrderDefaultCell.xib */ = {isa = PBXFileReference; fileEncoding = 4; lastKnownFileType = file.xib; path = ShoppingOrderDefaultCell.xib; sourceTree = "<group>"; };
		549D49E91EB99A4E0016A62E /* XXNetWorkManager.h */ = {isa = PBXFileReference; fileEncoding = 4; lastKnownFileType = sourcecode.c.h; path = XXNetWorkManager.h; sourceTree = "<group>"; };
		549D49EA1EB99A4E0016A62E /* XXNetWorkManager.m */ = {isa = PBXFileReference; fileEncoding = 4; lastKnownFileType = sourcecode.c.objc; path = XXNetWorkManager.m; sourceTree = "<group>"; };
		54AFE8D61ED7D66800258F58 /* Foundation+Log.h */ = {isa = PBXFileReference; fileEncoding = 4; lastKnownFileType = sourcecode.c.h; path = "Foundation+Log.h"; sourceTree = "<group>"; };
		54AFE8D71ED7D66800258F58 /* Foundation+Log.m */ = {isa = PBXFileReference; fileEncoding = 4; lastKnownFileType = sourcecode.c.objc; path = "Foundation+Log.m"; sourceTree = "<group>"; };
		54B3E12E1F298295007DF651 /* CommodityCell.h */ = {isa = PBXFileReference; fileEncoding = 4; lastKnownFileType = sourcecode.c.h; path = CommodityCell.h; sourceTree = "<group>"; };
		54B3E12F1F298295007DF651 /* CommodityCell.m */ = {isa = PBXFileReference; fileEncoding = 4; lastKnownFileType = sourcecode.c.objc; path = CommodityCell.m; sourceTree = "<group>"; };
		54B3E1301F298295007DF651 /* CommodityCell.xib */ = {isa = PBXFileReference; fileEncoding = 4; lastKnownFileType = file.xib; path = CommodityCell.xib; sourceTree = "<group>"; };
		54B3E1331F2990A6007DF651 /* CommodityModel.h */ = {isa = PBXFileReference; fileEncoding = 4; lastKnownFileType = sourcecode.c.h; path = CommodityModel.h; sourceTree = "<group>"; };
		54B3E1341F2990A6007DF651 /* CommodityModel.m */ = {isa = PBXFileReference; fileEncoding = 4; lastKnownFileType = sourcecode.c.objc; path = CommodityModel.m; sourceTree = "<group>"; };
		54B3E1371F29C6AE007DF651 /* SearchView.h */ = {isa = PBXFileReference; fileEncoding = 4; lastKnownFileType = sourcecode.c.h; path = SearchView.h; sourceTree = "<group>"; };
		54B3E1381F29C6AE007DF651 /* SearchView.m */ = {isa = PBXFileReference; fileEncoding = 4; lastKnownFileType = sourcecode.c.objc; path = SearchView.m; sourceTree = "<group>"; };
		54B3E13A1F29C6C1007DF651 /* SearchView.xib */ = {isa = PBXFileReference; fileEncoding = 4; lastKnownFileType = file.xib; path = SearchView.xib; sourceTree = "<group>"; };
		54C21EB01EC2B22000D63166 /* en */ = {isa = PBXFileReference; lastKnownFileType = text.plist.strings; name = en; path = en.lproj/infoPlist.strings; sourceTree = "<group>"; };
		54C21EB21EC2B22900D63166 /* zh-Hans */ = {isa = PBXFileReference; lastKnownFileType = text.plist.strings; name = "zh-Hans"; path = "zh-Hans.lproj/infoPlist.strings"; sourceTree = "<group>"; };
		54C29EA51F22048A00CFA646 /* XXThreeViewController.h */ = {isa = PBXFileReference; fileEncoding = 4; lastKnownFileType = sourcecode.c.h; path = XXThreeViewController.h; sourceTree = "<group>"; };
		54C29EA61F22048A00CFA646 /* XXThreeViewController.m */ = {isa = PBXFileReference; fileEncoding = 4; lastKnownFileType = sourcecode.c.objc; path = XXThreeViewController.m; sourceTree = "<group>"; };
		54C3ABB81EE0152E00AC9375 /* XXHelper.h */ = {isa = PBXFileReference; fileEncoding = 4; lastKnownFileType = sourcecode.c.h; path = XXHelper.h; sourceTree = "<group>"; };
		54C3ABB91EE0152E00AC9375 /* XXHelper.m */ = {isa = PBXFileReference; fileEncoding = 4; lastKnownFileType = sourcecode.c.objc; path = XXHelper.m; sourceTree = "<group>"; };
		54D17DB61F00CBAC00878487 /* PublishViewController.h */ = {isa = PBXFileReference; fileEncoding = 4; lastKnownFileType = sourcecode.c.h; path = PublishViewController.h; sourceTree = "<group>"; };
		54D17DB71F00CBAC00878487 /* PublishViewController.m */ = {isa = PBXFileReference; fileEncoding = 4; lastKnownFileType = sourcecode.c.objc; path = PublishViewController.m; sourceTree = "<group>"; };
		54D7A9411EF36F8300DFAC3E /*  SampleClass.h */ = {isa = PBXFileReference; fileEncoding = 4; lastKnownFileType = sourcecode.c.h; path = " SampleClass.h"; sourceTree = "<group>"; };
		54D7A9421EF36F8300DFAC3E /* MMPopupViewDemoVC.h */ = {isa = PBXFileReference; fileEncoding = 4; lastKnownFileType = sourcecode.c.h; path = MMPopupViewDemoVC.h; sourceTree = "<group>"; };
		54D7A9431EF36F8300DFAC3E /* MMPopupViewDemoVC.m */ = {isa = PBXFileReference; fileEncoding = 4; lastKnownFileType = sourcecode.c.objc; path = MMPopupViewDemoVC.m; sourceTree = "<group>"; };
		54D7A9441EF36F8300DFAC3E /* MMPopupViewDemoVC.xib */ = {isa = PBXFileReference; fileEncoding = 4; lastKnownFileType = file.xib; path = MMPopupViewDemoVC.xib; sourceTree = "<group>"; };
		54D7A94D1EF36F8300DFAC3E /* XXViewController.h */ = {isa = PBXFileReference; fileEncoding = 4; lastKnownFileType = sourcecode.c.h; path = XXViewController.h; sourceTree = "<group>"; };
		54D7A94E1EF36F8300DFAC3E /* XXViewController.m */ = {isa = PBXFileReference; fileEncoding = 4; lastKnownFileType = sourcecode.c.objc; path = XXViewController.m; sourceTree = "<group>"; };
		54D7A94F1EF36F8300DFAC3E /* XXViewController.xib */ = {isa = PBXFileReference; fileEncoding = 4; lastKnownFileType = file.xib; path = XXViewController.xib; sourceTree = "<group>"; };
		54FAB25B1F14C8200019DA31 /* SettingVC.h */ = {isa = PBXFileReference; fileEncoding = 4; lastKnownFileType = sourcecode.c.h; path = SettingVC.h; sourceTree = "<group>"; };
		54FAB25C1F14C8200019DA31 /* SettingVC.m */ = {isa = PBXFileReference; fileEncoding = 4; lastKnownFileType = sourcecode.c.objc; path = SettingVC.m; sourceTree = "<group>"; };
		54FAB25D1F14C8200019DA31 /* SettingVC.xib */ = {isa = PBXFileReference; fileEncoding = 4; lastKnownFileType = file.xib; path = SettingVC.xib; sourceTree = "<group>"; };
		54FAB2601F14D0F90019DA31 /* SettingCell.h */ = {isa = PBXFileReference; fileEncoding = 4; lastKnownFileType = sourcecode.c.h; path = SettingCell.h; sourceTree = "<group>"; };
		54FAB2611F14D0F90019DA31 /* SettingCell.m */ = {isa = PBXFileReference; fileEncoding = 4; lastKnownFileType = sourcecode.c.objc; path = SettingCell.m; sourceTree = "<group>"; };
		54FAB2621F14D0F90019DA31 /* SettingCell.xib */ = {isa = PBXFileReference; fileEncoding = 4; lastKnownFileType = file.xib; path = SettingCell.xib; sourceTree = "<group>"; };
		54FD767C1F4ADC7000CA13C5 /* ContactsViewController.h */ = {isa = PBXFileReference; fileEncoding = 4; lastKnownFileType = sourcecode.c.h; path = ContactsViewController.h; sourceTree = "<group>"; };
		54FD767D1F4ADC7000CA13C5 /* ContactsViewController.m */ = {isa = PBXFileReference; fileEncoding = 4; lastKnownFileType = sourcecode.c.objc; path = ContactsViewController.m; sourceTree = "<group>"; };
		54FD767E1F4ADC7000CA13C5 /* GroupViewController.h */ = {isa = PBXFileReference; fileEncoding = 4; lastKnownFileType = sourcecode.c.h; path = GroupViewController.h; sourceTree = "<group>"; };
		54FD767F1F4ADC7000CA13C5 /* GroupViewController.m */ = {isa = PBXFileReference; fileEncoding = 4; lastKnownFileType = sourcecode.c.objc; path = GroupViewController.m; sourceTree = "<group>"; };
		54FD76801F4ADC7000CA13C5 /* contacts.json */ = {isa = PBXFileReference; fileEncoding = 4; lastKnownFileType = text.json; path = contacts.json; sourceTree = "<group>"; };
		54FD76821F4ADC7000CA13C5 /* ContactsModel.h */ = {isa = PBXFileReference; fileEncoding = 4; lastKnownFileType = sourcecode.c.h; path = ContactsModel.h; sourceTree = "<group>"; };
		54FD76831F4ADC7000CA13C5 /* ContactsModel.m */ = {isa = PBXFileReference; fileEncoding = 4; lastKnownFileType = sourcecode.c.objc; path = ContactsModel.m; sourceTree = "<group>"; };
		54FD76841F4ADC7000CA13C5 /* GroupModel.h */ = {isa = PBXFileReference; fileEncoding = 4; lastKnownFileType = sourcecode.c.h; path = GroupModel.h; sourceTree = "<group>"; };
		54FD76851F4ADC7000CA13C5 /* GroupModel.m */ = {isa = PBXFileReference; fileEncoding = 4; lastKnownFileType = sourcecode.c.objc; path = GroupModel.m; sourceTree = "<group>"; };
		54FD76871F4ADC7000CA13C5 /* ContactsCell.h */ = {isa = PBXFileReference; fileEncoding = 4; lastKnownFileType = sourcecode.c.h; path = ContactsCell.h; sourceTree = "<group>"; };
		54FD76881F4ADC7000CA13C5 /* ContactsCell.m */ = {isa = PBXFileReference; fileEncoding = 4; lastKnownFileType = sourcecode.c.objc; path = ContactsCell.m; sourceTree = "<group>"; };
		6923A30AEE9690ABE86FAB57 /* Pods-Product.debug.xcconfig */ = {isa = PBXFileReference; includeInIndex = 1; lastKnownFileType = text.xcconfig; name = "Pods-Product.debug.xcconfig"; path = "Pods/Target Support Files/Pods-Product/Pods-Product.debug.xcconfig"; sourceTree = "<group>"; };
		B9F44DC4A0A59370117E8EE3 /* Pods-Product.release.xcconfig */ = {isa = PBXFileReference; includeInIndex = 1; lastKnownFileType = text.xcconfig; name = "Pods-Product.release.xcconfig"; path = "Pods/Target Support Files/Pods-Product/Pods-Product.release.xcconfig"; sourceTree = "<group>"; };
/* End PBXFileReference section */

/* Begin PBXFrameworksBuildPhase section */
		18AEFBCE1E10C36400AFAF16 /* Frameworks */ = {
			isa = PBXFrameworksBuildPhase;
			buildActionMask = 2147483647;
			files = (
				78414B0BEFFBFCF30DDC872A /* libPods-Product.a in Frameworks */,
			);
			runOnlyForDeploymentPostprocessing = 0;
		};
		18AEFBED1E10C36400AFAF16 /* Frameworks */ = {
			isa = PBXFrameworksBuildPhase;
			buildActionMask = 2147483647;
			files = (
			);
			runOnlyForDeploymentPostprocessing = 0;
		};
		18AEFBF81E10C36400AFAF16 /* Frameworks */ = {
			isa = PBXFrameworksBuildPhase;
			buildActionMask = 2147483647;
			files = (
			);
			runOnlyForDeploymentPostprocessing = 0;
		};
/* End PBXFrameworksBuildPhase section */

/* Begin PBXGroup section */
		18AEFBC81E10C36400AFAF16 = {
			isa = PBXGroup;
			children = (
				18AEFBD31E10C36400AFAF16 /* Product */,
				18AEFBF31E10C36400AFAF16 /* ProductTests */,
				18AEFBFE1E10C36400AFAF16 /* ProductUITests */,
				18AEFBD21E10C36400AFAF16 /* Products */,
				DC3EE45B6966306E49E609FC /* Pods */,
				91B815BE6EF90558BA5C2CA0 /* Frameworks */,
			);
			sourceTree = "<group>";
		};
		18AEFBD21E10C36400AFAF16 /* Products */ = {
			isa = PBXGroup;
			children = (
				18AEFBD11E10C36400AFAF16 /* Product.app */,
				18AEFBF01E10C36400AFAF16 /* ProductTests.xctest */,
				18AEFBFB1E10C36400AFAF16 /* ProductUITests.xctest */,
			);
			name = Products;
			sourceTree = "<group>";
		};
		18AEFBD31E10C36400AFAF16 /* Product */ = {
			isa = PBXGroup;
			children = (
				18AEFC0D1E10C3CE00AFAF16 /* Main */,
				54B3E1361F29C681007DF651 /* PublicClass(公用类) */,
				548680A71F28303F004B1AE8 /* Home(主页) */,
				548680A61F282FEB004B1AE8 /* ERP */,
				5444C2641EFBC6880044CC35 /* PublishViewController(加号) */,
				540367501F04E997001A2E1A /* My(我的) */,
				54FD767A1F4ADC7000CA13C5 /* Contact(聊一聊) */,
				54682AC71F2B253100C2C7FF /* NetworkRequestAll  */,
				5440430C1F1C596C00AFA9A7 /* Login&Registered(登录注册) */,
				54FAB2581F14C2710019DA31 /* Setting(设置) */,
				548680B11F28354D004B1AE8 /* PCH */,
				18AEFC151E10C48900AFAF16 /* Other */,
				18AEFBEB1E10C36400AFAF16 /* Info.plist */,
				18AEFBE61E10C36400AFAF16 /* Assets.xcassets */,
				54C21EB11EC2B22000D63166 /* infoPlist.strings */,
				18AEFBD41E10C36400AFAF16 /* Supporting Files */,
			);
			path = Product;
			sourceTree = "<group>";
		};
		18AEFBD41E10C36400AFAF16 /* Supporting Files */ = {
			isa = PBXGroup;
			children = (
				18AEFBD51E10C36400AFAF16 /* main.m */,
			);
			name = "Supporting Files";
			sourceTree = "<group>";
		};
		18AEFBF31E10C36400AFAF16 /* ProductTests */ = {
			isa = PBXGroup;
			children = (
				18AEFBF41E10C36400AFAF16 /* ProductTests.m */,
				18AEFBF61E10C36400AFAF16 /* Info.plist */,
			);
			path = ProductTests;
			sourceTree = "<group>";
		};
		18AEFBFE1E10C36400AFAF16 /* ProductUITests */ = {
			isa = PBXGroup;
			children = (
				18AEFBFF1E10C36400AFAF16 /* ProductUITests.m */,
				18AEFC011E10C36400AFAF16 /* Info.plist */,
			);
			path = ProductUITests;
			sourceTree = "<group>";
		};
		18AEFC0D1E10C3CE00AFAF16 /* Main */ = {
			isa = PBXGroup;
			children = (
				54D7A9401EF36F8200DFAC3E /* DemoVC */,
				18AEFC0E1E10C3CE00AFAF16 /* AppDelegate.h */,
				18AEFC0F1E10C3CE00AFAF16 /* AppDelegate.m */,
				544043151F1C633100AFA9A7 /* AppDelegate+Extension.h */,
				544043161F1C633100AFA9A7 /* AppDelegate+Extension.m */,
				18AEFC111E10C3CE00AFAF16 /* Main.storyboard */,
				18AEFC101E10C3CE00AFAF16 /* LaunchScreen.storyboard */,
				54522FD11EE52C0E009C5E68 /* RootControllers */,
			);
			path = Main;
			sourceTree = "<group>";
		};
		18AEFC151E10C48900AFAF16 /* Other */ = {
			isa = PBXGroup;
			children = (
				54C3ABB81EE0152E00AC9375 /* XXHelper.h */,
				54C3ABB91EE0152E00AC9375 /* XXHelper.m */,
				54682B4E1F2B2BB800C2C7FF /* ThirdLib */,
				18AEFC191E10C67300AFAF16 /* Category */,
				54AFE8D51ED7D66800258F58 /* utf-8ToChinese */,
			);
			path = Other;
			sourceTree = "<group>";
		};
		18AEFC191E10C67300AFAF16 /* Category */ = {
			isa = PBXGroup;
			children = (
				549D49E91EB99A4E0016A62E /* XXNetWorkManager.h */,
				549D49EA1EB99A4E0016A62E /* XXNetWorkManager.m */,
				5469A6961ED7C9B60033AEA1 /* img+imgV */,
				5469A68A1ED7C9610033AEA1 /* HUD */,
				5469A6831ED7C9510033AEA1 /* Nav */,
				5469A67C1ED7C9240033AEA1 /* V+VC */,
				5444C2611EFBAA890044CC35 /* UIColor+ColorChange.h */,
				5444C2621EFBAA890044CC35 /* UIColor+ColorChange.m */,
				5440431F1F1CB2B700AFA9A7 /* UITextField+Extension.h */,
				544043201F1CB2B700AFA9A7 /* UITextField+Extension.m */,
			);
			path = Category;
			sourceTree = "<group>";
		};
		540367501F04E997001A2E1A /* My(我的) */ = {
			isa = PBXGroup;
			children = (
				540367511F04E997001A2E1A /* C */,
				540367561F04E997001A2E1A /* M */,
				540367591F04E997001A2E1A /* V */,
			);
			name = "My(我的)";
			path = My;
			sourceTree = "<group>";
		};
		540367511F04E997001A2E1A /* C */ = {
			isa = PBXGroup;
			children = (
				540367541F04E997001A2E1A /* MyViewController.h */,
				540367551F04E997001A2E1A /* MyViewController.m */,
				540367521F04E997001A2E1A /* AddMenuViewController.h */,
				540367531F04E997001A2E1A /* AddMenuViewController.m */,
			);
			path = C;
			sourceTree = "<group>";
		};
		540367561F04E997001A2E1A /* M */ = {
			isa = PBXGroup;
			children = (
				540367571F04E997001A2E1A /* ItemModel.h */,
				540367581F04E997001A2E1A /* ItemModel.m */,
			);
			path = M;
			sourceTree = "<group>";
		};
		540367591F04E997001A2E1A /* V */ = {
			isa = PBXGroup;
			children = (
				5403675A1F04E997001A2E1A /* ItemCell.h */,
				5403675B1F04E997001A2E1A /* ItemCell.m */,
				5403675C1F04E997001A2E1A /* ItemCellHeaderView.h */,
				5403675D1F04E997001A2E1A /* ItemCellHeaderView.m */,
				5403675E1F04E997001A2E1A /* ItemGroup.h */,
				5403675F1F04E997001A2E1A /* ItemGroup.m */,
				540367601F04E997001A2E1A /* MyCollectionCell.h */,
				540367611F04E997001A2E1A /* MyCollectionCell.m */,
				544043121F1C619C00AFA9A7 /* MyCollectionCell.xib */,
				540367631F04E997001A2E1A /* MyToolView.h */,
				540367641F04E997001A2E1A /* MyToolView.m */,
			);
			path = V;
			sourceTree = "<group>";
		};
		5440430C1F1C596C00AFA9A7 /* Login&Registered(登录注册) */ = {
			isa = PBXGroup;
			children = (
				5440430D1F1C596C00AFA9A7 /* C */,
			);
			name = "Login&Registered(登录注册)";
			path = "Login&Registered";
			sourceTree = "<group>";
		};
		5440430D1F1C596C00AFA9A7 /* C */ = {
			isa = PBXGroup;
			children = (
				5440431A1F1C880E00AFA9A7 /* LoginViewController.h */,
				5440431B1F1C880E00AFA9A7 /* LoginViewController.m */,
				5440431C1F1C880E00AFA9A7 /* LoginViewController.xib */,
			);
			path = C;
			sourceTree = "<group>";
		};
		5444C2641EFBC6880044CC35 /* PublishViewController(加号) */ = {
			isa = PBXGroup;
			children = (
				54D17DB61F00CBAC00878487 /* PublishViewController.h */,
				54D17DB71F00CBAC00878487 /* PublishViewController.m */,
				545B41271EFCDC2E0018F526 /* OneViewController.h */,
				545B41281EFCDC2E0018F526 /* OneViewController.m */,
				545B412A1EFCDC390018F526 /* TwoViewController.h */,
				545B412B1EFCDC390018F526 /* TwoViewController.m */,
			);
			name = "PublishViewController(加号)";
			path = PublishViewController;
			sourceTree = "<group>";
		};
		54522FD11EE52C0E009C5E68 /* RootControllers */ = {
			isa = PBXGroup;
			children = (
				54522FD21EE52C0E009C5E68 /* NavigationController.h */,
				54522FD31EE52C0E009C5E68 /* NavigationController.m */,
				54522FD61EE52C0E009C5E68 /* RootViewController.h */,
				54522FD71EE52C0E009C5E68 /* RootViewController.m */,
				5413AB031F2730C000745264 /* CYLPlusButtonSubclass.h */,
				5413AB041F2730C000745264 /* CYLPlusButtonSubclass.m */,
				5413AB051F2730C000745264 /* CYLTabBarControllerConfig.h */,
				5413AB061F2730C000745264 /* CYLTabBarControllerConfig.m */,
			);
			path = RootControllers;
			sourceTree = "<group>";
		};
		54682AC71F2B253100C2C7FF /* NetworkRequestAll  */ = {
			isa = PBXGroup;
			children = (
				54682AED1F2B275C00C2C7FF /* Contact */,
				54682AF01F2B275C00C2C7FF /* ERP */,
				54682ACC1F2B253100C2C7FF /* Home */,
				54682ACE1F2B253100C2C7FF /* Login&Registered */,
				54682AD01F2B253100C2C7FF /* My */,
				54682AD21F2B253100C2C7FF /* PublishViewController */,
				54682AD41F2B253100C2C7FF /* Search */,
			);
			path = "NetworkRequestAll ";
			sourceTree = "<group>";
		};
		54682ACC1F2B253100C2C7FF /* Home */ = {
			isa = PBXGroup;
			children = (
				54682AE41F2B265000C2C7FF /* ZZZZ.h */,
				54682AE51F2B265000C2C7FF /* ZZZZ.m */,
			);
			path = Home;
			sourceTree = "<group>";
		};
		54682ACE1F2B253100C2C7FF /* Login&Registered */ = {
			isa = PBXGroup;
			children = (
				54682AE71F2B265E00C2C7FF /* Login_RegisteredNetworkRequest.h */,
				54682AE81F2B265E00C2C7FF /* Login_RegisteredNetworkRequest.m */,
			);
			path = "Login&Registered";
			sourceTree = "<group>";
		};
		54682AD01F2B253100C2C7FF /* My */ = {
			isa = PBXGroup;
			children = (
				54682AEA1F2B269200C2C7FF /* MyNetworkRequest.h */,
				54682AEB1F2B269200C2C7FF /* MyNetworkRequest.m */,
			);
			path = My;
			sourceTree = "<group>";
		};
		54682AD21F2B253100C2C7FF /* PublishViewController */ = {
			isa = PBXGroup;
			children = (
				54682AD31F2B253100C2C7FF /* zhan_wei.png */,
			);
			path = PublishViewController;
			sourceTree = "<group>";
		};
		54682AD41F2B253100C2C7FF /* Search */ = {
			isa = PBXGroup;
			children = (
				54682AD51F2B253100C2C7FF /* SearchNetworkRequest.h */,
				54682AD61F2B253100C2C7FF /* SearchNetworkRequest.m */,
			);
			path = Search;
			sourceTree = "<group>";
		};
		54682AED1F2B275C00C2C7FF /* Contact */ = {
			isa = PBXGroup;
			children = (
				54682AEE1F2B275C00C2C7FF /* ZhanWeiLei.h */,
				54682AEF1F2B275C00C2C7FF /* ZhanWeiLei.m */,
			);
			path = Contact;
			sourceTree = "<group>";
		};
		54682AF01F2B275C00C2C7FF /* ERP */ = {
			isa = PBXGroup;
			children = (
				54682AF11F2B275C00C2C7FF /* ERPNetworkRequest.h */,
				54682AF21F2B275C00C2C7FF /* ERPNetworkRequest.m */,
			);
			path = ERP;
			sourceTree = "<group>";
		};
		54682B4E1F2B2BB800C2C7FF /* ThirdLib */ = {
			isa = PBXGroup;
			children = (
				54682B4F1F2B2BB800C2C7FF /* NinaSelectionView */,
				54682B531F2B2BB800C2C7FF /* PTXDatePickerView */,
				54682B5B1F2B2BB800C2C7FF /* SDCycleScrollView */,
				54682B6B1F2B2BB800C2C7FF /* TopNewView */,
				54682B6E1F2B2BB800C2C7FF /* UIButton+State */,
			);
			path = ThirdLib;
			sourceTree = "<group>";
		};
		54682B4F1F2B2BB800C2C7FF /* NinaSelectionView */ = {
			isa = PBXGroup;
			children = (
				54682B501F2B2BB800C2C7FF /* NinaSelectionView.h */,
				54682B511F2B2BB800C2C7FF /* NinaSelectionView.m */,
				54682B521F2B2BB800C2C7FF /* UIParameter.h */,
			);
			path = NinaSelectionView;
			sourceTree = "<group>";
		};
		54682B531F2B2BB800C2C7FF /* PTXDatePickerView */ = {
			isa = PBXGroup;
			children = (
				54682B541F2B2BB800C2C7FF /* PTXDatePickerView.h */,
				54682B551F2B2BB800C2C7FF /* PTXDatePickerView.m */,
			);
			path = PTXDatePickerView;
			sourceTree = "<group>";
		};
		54682B5B1F2B2BB800C2C7FF /* SDCycleScrollView */ = {
			isa = PBXGroup;
			children = (
				54682B5C1F2B2BB800C2C7FF /* PageControl */,
				54682B651F2B2BB800C2C7FF /* SDCollectionViewCell.h */,
				54682B661F2B2BB800C2C7FF /* SDCollectionViewCell.m */,
				54682B671F2B2BB800C2C7FF /* SDCycleScrollView.h */,
				54682B681F2B2BB800C2C7FF /* SDCycleScrollView.m */,
				54682B691F2B2BB800C2C7FF /* UIView+SDExtension.h */,
				54682B6A1F2B2BB800C2C7FF /* UIView+SDExtension.m */,
			);
			path = SDCycleScrollView;
			sourceTree = "<group>";
		};
		54682B5C1F2B2BB800C2C7FF /* PageControl */ = {
			isa = PBXGroup;
			children = (
				54682B5D1F2B2BB800C2C7FF /* TAAbstractDotView.h */,
				54682B5E1F2B2BB800C2C7FF /* TAAbstractDotView.m */,
				54682B5F1F2B2BB800C2C7FF /* TAAnimatedDotView.h */,
				54682B601F2B2BB800C2C7FF /* TAAnimatedDotView.m */,
				54682B611F2B2BB800C2C7FF /* TADotView.h */,
				54682B621F2B2BB800C2C7FF /* TADotView.m */,
				54682B631F2B2BB800C2C7FF /* TAPageControl.h */,
				54682B641F2B2BB800C2C7FF /* TAPageControl.m */,
			);
			path = PageControl;
			sourceTree = "<group>";
		};
		54682B6B1F2B2BB800C2C7FF /* TopNewView */ = {
			isa = PBXGroup;
			children = (
				54682B6C1F2B2BB800C2C7FF /* TopNewView.h */,
				54682B6D1F2B2BB800C2C7FF /* TopNewView.m */,
			);
			path = TopNewView;
			sourceTree = "<group>";
		};
		54682B6E1F2B2BB800C2C7FF /* UIButton+State */ = {
			isa = PBXGroup;
			children = (
				54682B6F1F2B2BB800C2C7FF /* UIButton+HCBState.h */,
				54682B701F2B2BB800C2C7FF /* UIButton+HCBState.m */,
				54682B711F2B2BB800C2C7FF /* XXVerticalButton.h */,
				54682B721F2B2BB800C2C7FF /* XXVerticalButton.m */,
			);
			path = "UIButton+State";
			sourceTree = "<group>";
		};
		5469A67C1ED7C9240033AEA1 /* V+VC */ = {
			isa = PBXGroup;
			children = (
				5469A67D1ED7C9240033AEA1 /* UIView+Extension.h */,
				5469A67E1ED7C9240033AEA1 /* UIView+Extension.m */,
				5469A67F1ED7C9240033AEA1 /* UIViewController+Extension.h */,
				5469A6801ED7C9240033AEA1 /* UIViewController+Extension.m */,
			);
			path = "V+VC";
			sourceTree = "<group>";
		};
		5469A6831ED7C9510033AEA1 /* Nav */ = {
			isa = PBXGroup;
			children = (
				5469A6841ED7C9510033AEA1 /* UIBarButtonItem+Item.h */,
				5469A6851ED7C9510033AEA1 /* UIBarButtonItem+Item.m */,
				54152B391F20AC1E00A35678 /* UINavigationBar+Awesome.h */,
				54152B3A1F20AC1E00A35678 /* UINavigationBar+Awesome.m */,
				5469A6861ED7C9510033AEA1 /* UINavigationController+FDFullscreenPopGesture.h */,
				5469A6871ED7C9510033AEA1 /* UINavigationController+FDFullscreenPopGesture.m */,
			);
			path = Nav;
			sourceTree = "<group>";
		};
		5469A68A1ED7C9610033AEA1 /* HUD */ = {
			isa = PBXGroup;
			children = (
				5469A6901ED7C9610033AEA1 /* XXProgressHUD.h */,
				5469A6911ED7C9610033AEA1 /* XXProgressHUD.m */,
				5469A68F1ED7C9610033AEA1 /* XXProgressHUD.bundle */,
				5469A68B1ED7C9610033AEA1 /* XXPaymentLoadingHUD.h */,
				5469A68C1ED7C9610033AEA1 /* XXPaymentLoadingHUD.m */,
				545BF81E1EF11A5300875BB3 /* DynamicImageArray.bundle */,
				5469A68D1ED7C9610033AEA1 /* XXPaymentSuccessHUD.h */,
				5469A68E1ED7C9610033AEA1 /* XXPaymentSuccessHUD.m */,
			);
			path = HUD;
			sourceTree = "<group>";
		};
		5469A6961ED7C9B60033AEA1 /* img+imgV */ = {
			isa = PBXGroup;
			children = (
				5469A6971ED7C9B60033AEA1 /* UIImage+Extension.h */,
				5469A6981ED7C9B60033AEA1 /* UIImage+Extension.m */,
				5469A6991ED7C9B60033AEA1 /* UIImageView+Extension.h */,
				5469A69A1ED7C9B60033AEA1 /* UIImageView+Extension.m */,
			);
			path = "img+imgV";
			sourceTree = "<group>";
		};
		548680A61F282FEB004B1AE8 /* ERP */ = {
			isa = PBXGroup;
			children = (
				548680A81F2830BE004B1AE8 /* C */,
				548680A91F2830BE004B1AE8 /* M */,
				548680AA1F2830BE004B1AE8 /* V */,
			);
			path = ERP;
			sourceTree = "<group>";
		};
		548680A71F28303F004B1AE8 /* Home(主页) */ = {
			isa = PBXGroup;
			children = (
				548680AE1F2830E4004B1AE8 /* C */,
				548680AF1F2830E4004B1AE8 /* M */,
				548680B01F2830E4004B1AE8 /* V */,
			);
			name = "Home(主页)";
			path = Home;
			sourceTree = "<group>";
		};
		548680A81F2830BE004B1AE8 /* C */ = {
			isa = PBXGroup;
			children = (
			);
			path = C;
			sourceTree = "<group>";
		};
		548680A91F2830BE004B1AE8 /* M */ = {
			isa = PBXGroup;
			children = (
			);
			path = M;
			sourceTree = "<group>";
		};
		548680AA1F2830BE004B1AE8 /* V */ = {
			isa = PBXGroup;
			children = (
			);
			path = V;
			sourceTree = "<group>";
		};
		548680AE1F2830E4004B1AE8 /* C */ = {
			isa = PBXGroup;
			children = (
			);
			path = C;
			sourceTree = "<group>";
		};
		548680AF1F2830E4004B1AE8 /* M */ = {
			isa = PBXGroup;
			children = (
			);
			path = M;
			sourceTree = "<group>";
		};
		548680B01F2830E4004B1AE8 /* V */ = {
			isa = PBXGroup;
			children = (
			);
			path = V;
			sourceTree = "<group>";
		};
		548680B11F28354D004B1AE8 /* PCH */ = {
			isa = PBXGroup;
			children = (
				548680B21F28354D004B1AE8 /* API.pch */,
				548680B31F28354D004B1AE8 /* Header.h */,
				548680B41F28354D004B1AE8 /* Product.pch */,
			);
			path = PCH;
			sourceTree = "<group>";
		};
		54AFE8D51ED7D66800258F58 /* utf-8ToChinese */ = {
			isa = PBXGroup;
			children = (
				54AFE8D61ED7D66800258F58 /* Foundation+Log.h */,
				54AFE8D71ED7D66800258F58 /* Foundation+Log.m */,
			);
			path = "utf-8ToChinese";
			sourceTree = "<group>";
		};
		54B3E1361F29C681007DF651 /* PublicClass(公用类) */ = {
			isa = PBXGroup;
			children = (
				54B3E1371F29C6AE007DF651 /* SearchView.h */,
				54B3E1381F29C6AE007DF651 /* SearchView.m */,
				54B3E13A1F29C6C1007DF651 /* SearchView.xib */,
			);
			name = "PublicClass(公用类)";
			path = Main/PublicClass;
			sourceTree = "<group>";
		};
		54D7A9401EF36F8200DFAC3E /* DemoVC */ = {
			isa = PBXGroup;
			children = (
				54D7A9411EF36F8300DFAC3E /*  SampleClass.h */,
				54D7A9421EF36F8300DFAC3E /* MMPopupViewDemoVC.h */,
				54D7A9431EF36F8300DFAC3E /* MMPopupViewDemoVC.m */,
				54D7A9441EF36F8300DFAC3E /* MMPopupViewDemoVC.xib */,
				54D7A94D1EF36F8300DFAC3E /* XXViewController.h */,
				54D7A94E1EF36F8300DFAC3E /* XXViewController.m */,
				54D7A94F1EF36F8300DFAC3E /* XXViewController.xib */,
				548680B51F2864E6004B1AE8 /* ShoppingOrderVC.h */,
				548680B61F2864E7004B1AE8 /* ShoppingOrderVC.m */,
				548680B81F286AB5004B1AE8 /* ShoppingOrderDefaultCell.h */,
				548680B91F286AB5004B1AE8 /* ShoppingOrderDefaultCell.m */,
				548680BA1F286AB5004B1AE8 /* ShoppingOrderDefaultCell.xib */,
				54B3E12E1F298295007DF651 /* CommodityCell.h */,
				54B3E12F1F298295007DF651 /* CommodityCell.m */,
				54B3E1301F298295007DF651 /* CommodityCell.xib */,
				54B3E1331F2990A6007DF651 /* CommodityModel.h */,
				54B3E1341F2990A6007DF651 /* CommodityModel.m */,
				54C29EA51F22048A00CFA646 /* XXThreeViewController.h */,
				54C29EA61F22048A00CFA646 /* XXThreeViewController.m */,
				54152B341F209CC200A35678 /* XXTwoViewController.h */,
				54152B351F209CC200A35678 /* XXTwoViewController.m */,
				54152B361F209CC200A35678 /* XXTwoViewController.xib */,
				540283F81F25EB3200042B8A /* SearchResultVC.h */,
				540283F91F25EB3200042B8A /* SearchResultVC.m */,
				540283FA1F25EB3200042B8A /* SearchResultVC.xib */,
			);
			path = DemoVC;
			sourceTree = "<group>";
		};
		54FAB2581F14C2710019DA31 /* Setting(设置) */ = {
			isa = PBXGroup;
			children = (
				54FAB2591F14C2710019DA31 /* C */,
				54FAB25A1F14C2710019DA31 /* V */,
			);
			name = "Setting(设置)";
			path = Setting;
			sourceTree = "<group>";
		};
		54FAB2591F14C2710019DA31 /* C */ = {
			isa = PBXGroup;
			children = (
				54FAB25B1F14C8200019DA31 /* SettingVC.h */,
				54FAB25C1F14C8200019DA31 /* SettingVC.m */,
				54FAB25D1F14C8200019DA31 /* SettingVC.xib */,
			);
			path = C;
			sourceTree = "<group>";
		};
		54FAB25A1F14C2710019DA31 /* V */ = {
			isa = PBXGroup;
			children = (
				54FAB2601F14D0F90019DA31 /* SettingCell.h */,
				54FAB2611F14D0F90019DA31 /* SettingCell.m */,
				54FAB2621F14D0F90019DA31 /* SettingCell.xib */,
			);
			path = V;
			sourceTree = "<group>";
		};
		54FD767A1F4ADC7000CA13C5 /* Contact(聊一聊) */ = {
			isa = PBXGroup;
			children = (
				54FD767B1F4ADC7000CA13C5 /* C */,
				54FD76801F4ADC7000CA13C5 /* contacts.json */,
				54FD76811F4ADC7000CA13C5 /* M */,
				54FD76861F4ADC7000CA13C5 /* V */,
			);
			name = "Contact(聊一聊)";
			path = Contact;
			sourceTree = "<group>";
		};
		54FD767B1F4ADC7000CA13C5 /* C */ = {
			isa = PBXGroup;
			children = (
				54FD767C1F4ADC7000CA13C5 /* ContactsViewController.h */,
				54FD767D1F4ADC7000CA13C5 /* ContactsViewController.m */,
				54FD767E1F4ADC7000CA13C5 /* GroupViewController.h */,
				54FD767F1F4ADC7000CA13C5 /* GroupViewController.m */,
			);
			path = C;
			sourceTree = "<group>";
		};
		54FD76811F4ADC7000CA13C5 /* M */ = {
			isa = PBXGroup;
			children = (
				54FD76821F4ADC7000CA13C5 /* ContactsModel.h */,
				54FD76831F4ADC7000CA13C5 /* ContactsModel.m */,
				54FD76841F4ADC7000CA13C5 /* GroupModel.h */,
				54FD76851F4ADC7000CA13C5 /* GroupModel.m */,
			);
			path = M;
			sourceTree = "<group>";
		};
		54FD76861F4ADC7000CA13C5 /* V */ = {
			isa = PBXGroup;
			children = (
				54FD76871F4ADC7000CA13C5 /* ContactsCell.h */,
				54FD76881F4ADC7000CA13C5 /* ContactsCell.m */,
			);
			path = V;
			sourceTree = "<group>";
		};
		91B815BE6EF90558BA5C2CA0 /* Frameworks */ = {
			isa = PBXGroup;
			children = (
				2D7588D42A2359605113B65F /* libPods-Product.a */,
			);
			name = Frameworks;
			sourceTree = "<group>";
		};
		DC3EE45B6966306E49E609FC /* Pods */ = {
			isa = PBXGroup;
			children = (
				6923A30AEE9690ABE86FAB57 /* Pods-Product.debug.xcconfig */,
				B9F44DC4A0A59370117E8EE3 /* Pods-Product.release.xcconfig */,
			);
			name = Pods;
			sourceTree = "<group>";
		};
/* End PBXGroup section */

/* Begin PBXNativeTarget section */
		18AEFBD01E10C36400AFAF16 /* Product */ = {
			isa = PBXNativeTarget;
			buildConfigurationList = 18AEFC041E10C36400AFAF16 /* Build configuration list for PBXNativeTarget "Product" */;
			buildPhases = (
				2315B35C1F588EFCDB07DD85 /* [CP] Check Pods Manifest.lock */,
				18AEFBCD1E10C36400AFAF16 /* Sources */,
				18AEFBCE1E10C36400AFAF16 /* Frameworks */,
				18AEFBCF1E10C36400AFAF16 /* Resources */,
				DAD5A388BB135878E52CA259 /* [CP] Embed Pods Frameworks */,
				26287A3857242BF1DEC4AFE8 /* [CP] Copy Pods Resources */,
			);
			buildRules = (
			);
			dependencies = (
			);
			name = Product;
			productName = Product;
			productReference = 18AEFBD11E10C36400AFAF16 /* Product.app */;
			productType = "com.apple.product-type.application";
		};
		18AEFBEF1E10C36400AFAF16 /* ProductTests */ = {
			isa = PBXNativeTarget;
			buildConfigurationList = 18AEFC071E10C36400AFAF16 /* Build configuration list for PBXNativeTarget "ProductTests" */;
			buildPhases = (
				18AEFBEC1E10C36400AFAF16 /* Sources */,
				18AEFBED1E10C36400AFAF16 /* Frameworks */,
				18AEFBEE1E10C36400AFAF16 /* Resources */,
			);
			buildRules = (
			);
			dependencies = (
				18AEFBF21E10C36400AFAF16 /* PBXTargetDependency */,
			);
			name = ProductTests;
			productName = ProductTests;
			productReference = 18AEFBF01E10C36400AFAF16 /* ProductTests.xctest */;
			productType = "com.apple.product-type.bundle.unit-test";
		};
		18AEFBFA1E10C36400AFAF16 /* ProductUITests */ = {
			isa = PBXNativeTarget;
			buildConfigurationList = 18AEFC0A1E10C36400AFAF16 /* Build configuration list for PBXNativeTarget "ProductUITests" */;
			buildPhases = (
				18AEFBF71E10C36400AFAF16 /* Sources */,
				18AEFBF81E10C36400AFAF16 /* Frameworks */,
				18AEFBF91E10C36400AFAF16 /* Resources */,
			);
			buildRules = (
			);
			dependencies = (
				18AEFBFD1E10C36400AFAF16 /* PBXTargetDependency */,
			);
			name = ProductUITests;
			productName = ProductUITests;
			productReference = 18AEFBFB1E10C36400AFAF16 /* ProductUITests.xctest */;
			productType = "com.apple.product-type.bundle.ui-testing";
		};
/* End PBXNativeTarget section */

/* Begin PBXProject section */
		18AEFBC91E10C36400AFAF16 /* Project object */ = {
			isa = PBXProject;
			attributes = {
				LastUpgradeCheck = 0820;
				ORGANIZATIONNAME = apple;
				TargetAttributes = {
					18AEFBD01E10C36400AFAF16 = {
						CreatedOnToolsVersion = 8.2.1;
						DevelopmentTeam = 57MDVZ56MH;
						ProvisioningStyle = Automatic;
					};
					18AEFBEF1E10C36400AFAF16 = {
						CreatedOnToolsVersion = 8.2.1;
						ProvisioningStyle = Automatic;
						TestTargetID = 18AEFBD01E10C36400AFAF16;
					};
					18AEFBFA1E10C36400AFAF16 = {
						CreatedOnToolsVersion = 8.2.1;
						ProvisioningStyle = Automatic;
						TestTargetID = 18AEFBD01E10C36400AFAF16;
					};
				};
			};
			buildConfigurationList = 18AEFBCC1E10C36400AFAF16 /* Build configuration list for PBXProject "Product" */;
			compatibilityVersion = "Xcode 3.2";
			developmentRegion = English;
			hasScannedForEncodings = 0;
			knownRegions = (
				en,
				Base,
				"zh-Hans",
			);
			mainGroup = 18AEFBC81E10C36400AFAF16;
			productRefGroup = 18AEFBD21E10C36400AFAF16 /* Products */;
			projectDirPath = "";
			projectRoot = "";
			targets = (
				18AEFBD01E10C36400AFAF16 /* Product */,
				18AEFBEF1E10C36400AFAF16 /* ProductTests */,
				18AEFBFA1E10C36400AFAF16 /* ProductUITests */,
			);
		};
/* End PBXProject section */

/* Begin PBXResourcesBuildPhase section */
		18AEFBCF1E10C36400AFAF16 /* Resources */ = {
			isa = PBXResourcesBuildPhase;
			buildActionMask = 2147483647;
			files = (
				18AEFC141E10C3CE00AFAF16 /* Main.storyboard in Resources */,
				54D7A9581EF36F8300DFAC3E /* XXViewController.xib in Resources */,
				545BF81F1EF11A5300875BB3 /* DynamicImageArray.bundle in Resources */,
				18AEFBE71E10C36400AFAF16 /* Assets.xcassets in Resources */,
				54B3E13B1F29C6C1007DF651 /* SearchView.xib in Resources */,
				548680BC1F286AB5004B1AE8 /* ShoppingOrderDefaultCell.xib in Resources */,
				18AEFC131E10C3CE00AFAF16 /* LaunchScreen.storyboard in Resources */,
				54D7A9511EF36F8300DFAC3E /* MMPopupViewDemoVC.xib in Resources */,
				540283FC1F25EB3200042B8A /* SearchResultVC.xib in Resources */,
				54B3E1321F298295007DF651 /* CommodityCell.xib in Resources */,
				544043131F1C619C00AFA9A7 /* MyCollectionCell.xib in Resources */,
				5469A6941ED7C9610033AEA1 /* XXProgressHUD.bundle in Resources */,
				5440431E1F1C880E00AFA9A7 /* LoginViewController.xib in Resources */,
				54FAB25F1F14C8200019DA31 /* SettingVC.xib in Resources */,
				54152B381F209CC200A35678 /* XXTwoViewController.xib in Resources */,
				54C21EAF1EC2B22000D63166 /* infoPlist.strings in Resources */,
				54682ADC1F2B253100C2C7FF /* zhan_wei.png in Resources */,
				54FD768B1F4ADC7000CA13C5 /* contacts.json in Resources */,
				54FAB2641F14D0F90019DA31 /* SettingCell.xib in Resources */,
			);
			runOnlyForDeploymentPostprocessing = 0;
		};
		18AEFBEE1E10C36400AFAF16 /* Resources */ = {
			isa = PBXResourcesBuildPhase;
			buildActionMask = 2147483647;
			files = (
			);
			runOnlyForDeploymentPostprocessing = 0;
		};
		18AEFBF91E10C36400AFAF16 /* Resources */ = {
			isa = PBXResourcesBuildPhase;
			buildActionMask = 2147483647;
			files = (
			);
			runOnlyForDeploymentPostprocessing = 0;
		};
/* End PBXResourcesBuildPhase section */

/* Begin PBXShellScriptBuildPhase section */
		2315B35C1F588EFCDB07DD85 /* [CP] Check Pods Manifest.lock */ = {
			isa = PBXShellScriptBuildPhase;
			buildActionMask = 2147483647;
			files = (
			);
			inputPaths = (
			);
			name = "[CP] Check Pods Manifest.lock";
			outputPaths = (
			);
			runOnlyForDeploymentPostprocessing = 0;
			shellPath = /bin/sh;
			shellScript = "diff \"${PODS_ROOT}/../Podfile.lock\" \"${PODS_ROOT}/Manifest.lock\" > /dev/null\nif [ $? != 0 ] ; then\n    # print error to STDERR\n    echo \"error: The sandbox is not in sync with the Podfile.lock. Run 'pod install' or update your CocoaPods installation.\" >&2\n    exit 1\nfi\n";
			showEnvVarsInLog = 0;
		};
		26287A3857242BF1DEC4AFE8 /* [CP] Copy Pods Resources */ = {
			isa = PBXShellScriptBuildPhase;
			buildActionMask = 2147483647;
			files = (
			);
			inputPaths = (
			);
			name = "[CP] Copy Pods Resources";
			outputPaths = (
			);
			runOnlyForDeploymentPostprocessing = 0;
			shellPath = /bin/sh;
			shellScript = "\"${SRCROOT}/Pods/Target Support Files/Pods-Product/Pods-Product-resources.sh\"\n";
			showEnvVarsInLog = 0;
		};
		DAD5A388BB135878E52CA259 /* [CP] Embed Pods Frameworks */ = {
			isa = PBXShellScriptBuildPhase;
			buildActionMask = 2147483647;
			files = (
			);
			inputPaths = (
			);
			name = "[CP] Embed Pods Frameworks";
			outputPaths = (
			);
			runOnlyForDeploymentPostprocessing = 0;
			shellPath = /bin/sh;
			shellScript = "\"${SRCROOT}/Pods/Target Support Files/Pods-Product/Pods-Product-frameworks.sh\"\n";
			showEnvVarsInLog = 0;
		};
/* End PBXShellScriptBuildPhase section */

/* Begin PBXSourcesBuildPhase section */
		18AEFBCD1E10C36400AFAF16 /* Sources */ = {
			isa = PBXSourcesBuildPhase;
			buildActionMask = 2147483647;
			files = (
				5469A6881ED7C9510033AEA1 /* UIBarButtonItem+Item.m in Sources */,
				5469A6821ED7C9240033AEA1 /* UIViewController+Extension.m in Sources */,
				5469A6811ED7C9240033AEA1 /* UIView+Extension.m in Sources */,
				5403676B1F04E997001A2E1A /* MyCollectionCell.m in Sources */,
				54682B771F2B2BB800C2C7FF /* TAAbstractDotView.m in Sources */,
				54682AEC1F2B269200C2C7FF /* MyNetworkRequest.m in Sources */,
				54682AE91F2B265E00C2C7FF /* Login_RegisteredNetworkRequest.m in Sources */,
				5403676D1F04E997001A2E1A /* MyToolView.m in Sources */,
				54FAB25E1F14C8200019DA31 /* SettingVC.m in Sources */,
				540367671F04E997001A2E1A /* ItemModel.m in Sources */,
				54FAB2631F14D0F90019DA31 /* SettingCell.m in Sources */,
				54522FD81EE52C0E009C5E68 /* NavigationController.m in Sources */,
				5469A69C1ED7C9B60033AEA1 /* UIImageView+Extension.m in Sources */,
				5413AB081F2730C000745264 /* CYLTabBarControllerConfig.m in Sources */,
				548680B71F2864E7004B1AE8 /* ShoppingOrderVC.m in Sources */,
				54682B801F2B2BB800C2C7FF /* XXVerticalButton.m in Sources */,
				54682ADD1F2B253100C2C7FF /* SearchNetworkRequest.m in Sources */,
				54FD76891F4ADC7000CA13C5 /* ContactsViewController.m in Sources */,
				54D17DB81F00CBAC00878487 /* PublishViewController.m in Sources */,
				54682B7A1F2B2BB800C2C7FF /* TAPageControl.m in Sources */,
				5469A6891ED7C9510033AEA1 /* UINavigationController+FDFullscreenPopGesture.m in Sources */,
				548680BB1F286AB5004B1AE8 /* ShoppingOrderDefaultCell.m in Sources */,
				54B3E1391F29C6AE007DF651 /* SearchView.m in Sources */,
				54682B741F2B2BB800C2C7FF /* PTXDatePickerView.m in Sources */,
				54682AF31F2B275C00C2C7FF /* ZhanWeiLei.m in Sources */,
				54C3ABBA1EE0152E00AC9375 /* XXHelper.m in Sources */,
				540367691F04E997001A2E1A /* ItemCellHeaderView.m in Sources */,
				545B412C1EFCDC390018F526 /* TwoViewController.m in Sources */,
				54FD768E1F4ADC7000CA13C5 /* ContactsCell.m in Sources */,
				540367651F04E997001A2E1A /* AddMenuViewController.m in Sources */,
				54FD768D1F4ADC7000CA13C5 /* GroupModel.m in Sources */,
				54B3E1311F298295007DF651 /* CommodityCell.m in Sources */,
				54682B781F2B2BB800C2C7FF /* TAAnimatedDotView.m in Sources */,
				18AEFC121E10C3CE00AFAF16 /* AppDelegate.m in Sources */,
				54682B7E1F2B2BB800C2C7FF /* TopNewView.m in Sources */,
				54B3E1351F2990A6007DF651 /* CommodityModel.m in Sources */,
				54682B7F1F2B2BB800C2C7FF /* UIButton+HCBState.m in Sources */,
				54152B371F209CC200A35678 /* XXTwoViewController.m in Sources */,
				54152B3B1F20AC1E00A35678 /* UINavigationBar+Awesome.m in Sources */,
				5440431D1F1C880E00AFA9A7 /* LoginViewController.m in Sources */,
				544043211F1CB2B700AFA9A7 /* UITextField+Extension.m in Sources */,
				5469A6951ED7C9610033AEA1 /* XXProgressHUD.m in Sources */,
				54C29EA71F22048A00CFA646 /* XXThreeViewController.m in Sources */,
				54682AF41F2B275C00C2C7FF /* ERPNetworkRequest.m in Sources */,
				54FD768A1F4ADC7000CA13C5 /* GroupViewController.m in Sources */,
				54AFE8D81ED7D66800258F58 /* Foundation+Log.m in Sources */,
				540367661F04E997001A2E1A /* MyViewController.m in Sources */,
				54682B731F2B2BB800C2C7FF /* NinaSelectionView.m in Sources */,
				54D7A9571EF36F8300DFAC3E /* XXViewController.m in Sources */,
				5469A69B1ED7C9B60033AEA1 /* UIImage+Extension.m in Sources */,
				540283FB1F25EB3200042B8A /* SearchResultVC.m in Sources */,
				54682B7C1F2B2BB800C2C7FF /* SDCycleScrollView.m in Sources */,
				5469A6921ED7C9610033AEA1 /* XXPaymentLoadingHUD.m in Sources */,
				545B41291EFCDC2E0018F526 /* OneViewController.m in Sources */,
				54682B7D1F2B2BB800C2C7FF /* UIView+SDExtension.m in Sources */,
				54522FDA1EE52C0E009C5E68 /* RootViewController.m in Sources */,
				540367681F04E997001A2E1A /* ItemCell.m in Sources */,
				5469A6931ED7C9610033AEA1 /* XXPaymentSuccessHUD.m in Sources */,
				544043171F1C633100AFA9A7 /* AppDelegate+Extension.m in Sources */,
				54D7A9501EF36F8300DFAC3E /* MMPopupViewDemoVC.m in Sources */,
				54682B7B1F2B2BB800C2C7FF /* SDCollectionViewCell.m in Sources */,
				54682B791F2B2BB800C2C7FF /* TADotView.m in Sources */,
				5403676A1F04E997001A2E1A /* ItemGroup.m in Sources */,
				5413AB071F2730C000745264 /* CYLPlusButtonSubclass.m in Sources */,
				54FD768C1F4ADC7000CA13C5 /* ContactsModel.m in Sources */,
				5444C2631EFBAA890044CC35 /* UIColor+ColorChange.m in Sources */,
				54682AE61F2B265000C2C7FF /* ZZZZ.m in Sources */,
				549D49EB1EB99A4E0016A62E /* XXNetWorkManager.m in Sources */,
				18AEFBD61E10C36400AFAF16 /* main.m in Sources */,
			);
			runOnlyForDeploymentPostprocessing = 0;
		};
		18AEFBEC1E10C36400AFAF16 /* Sources */ = {
			isa = PBXSourcesBuildPhase;
			buildActionMask = 2147483647;
			files = (
				18AEFBF51E10C36400AFAF16 /* ProductTests.m in Sources */,
			);
			runOnlyForDeploymentPostprocessing = 0;
		};
		18AEFBF71E10C36400AFAF16 /* Sources */ = {
			isa = PBXSourcesBuildPhase;
			buildActionMask = 2147483647;
			files = (
				18AEFC001E10C36400AFAF16 /* ProductUITests.m in Sources */,
			);
			runOnlyForDeploymentPostprocessing = 0;
		};
/* End PBXSourcesBuildPhase section */

/* Begin PBXTargetDependency section */
		18AEFBF21E10C36400AFAF16 /* PBXTargetDependency */ = {
			isa = PBXTargetDependency;
			target = 18AEFBD01E10C36400AFAF16 /* Product */;
			targetProxy = 18AEFBF11E10C36400AFAF16 /* PBXContainerItemProxy */;
		};
		18AEFBFD1E10C36400AFAF16 /* PBXTargetDependency */ = {
			isa = PBXTargetDependency;
			target = 18AEFBD01E10C36400AFAF16 /* Product */;
			targetProxy = 18AEFBFC1E10C36400AFAF16 /* PBXContainerItemProxy */;
		};
/* End PBXTargetDependency section */

/* Begin PBXVariantGroup section */
		54C21EB11EC2B22000D63166 /* infoPlist.strings */ = {
			isa = PBXVariantGroup;
			children = (
				54C21EB01EC2B22000D63166 /* en */,
				54C21EB21EC2B22900D63166 /* zh-Hans */,
			);
			name = infoPlist.strings;
			sourceTree = "<group>";
		};
/* End PBXVariantGroup section */

/* Begin XCBuildConfiguration section */
		18AEFC021E10C36400AFAF16 /* Debug */ = {
			isa = XCBuildConfiguration;
			buildSettings = {
				ALWAYS_SEARCH_USER_PATHS = NO;
				CLANG_ANALYZER_LOCALIZABILITY_NONLOCALIZED = YES;
				CLANG_ANALYZER_NONNULL = YES;
				CLANG_CXX_LANGUAGE_STANDARD = "gnu++0x";
				CLANG_CXX_LIBRARY = "libc++";
				CLANG_ENABLE_MODULES = YES;
				CLANG_ENABLE_OBJC_ARC = YES;
				CLANG_WARN_BOOL_CONVERSION = YES;
				CLANG_WARN_CONSTANT_CONVERSION = YES;
				CLANG_WARN_DIRECT_OBJC_ISA_USAGE = YES_ERROR;
				CLANG_WARN_DOCUMENTATION_COMMENTS = YES;
				CLANG_WARN_EMPTY_BODY = YES;
				CLANG_WARN_ENUM_CONVERSION = YES;
				CLANG_WARN_INFINITE_RECURSION = YES;
				CLANG_WARN_INT_CONVERSION = YES;
				CLANG_WARN_OBJC_ROOT_CLASS = YES_ERROR;
				CLANG_WARN_SUSPICIOUS_MOVE = YES;
				CLANG_WARN_UNREACHABLE_CODE = YES;
				CLANG_WARN__DUPLICATE_METHOD_MATCH = YES;
				"CODE_SIGN_IDENTITY[sdk=iphoneos*]" = "iPhone Developer";
				COPY_PHASE_STRIP = NO;
				DEBUG_INFORMATION_FORMAT = dwarf;
				ENABLE_STRICT_OBJC_MSGSEND = YES;
				ENABLE_TESTABILITY = YES;
				GCC_C_LANGUAGE_STANDARD = gnu99;
				GCC_DYNAMIC_NO_PIC = NO;
				GCC_NO_COMMON_BLOCKS = YES;
				GCC_OPTIMIZATION_LEVEL = 0;
				GCC_PREPROCESSOR_DEFINITIONS = (
					"DEBUG=1",
					"$(inherited)",
				);
				GCC_WARN_64_TO_32_BIT_CONVERSION = YES;
				GCC_WARN_ABOUT_RETURN_TYPE = YES_ERROR;
				GCC_WARN_UNDECLARED_SELECTOR = YES;
				GCC_WARN_UNINITIALIZED_AUTOS = YES_AGGRESSIVE;
				GCC_WARN_UNUSED_FUNCTION = YES;
				GCC_WARN_UNUSED_VARIABLE = YES;
				IPHONEOS_DEPLOYMENT_TARGET = 10.2;
				MTL_ENABLE_DEBUG_INFO = YES;
				ONLY_ACTIVE_ARCH = YES;
				SDKROOT = iphoneos;
				TARGETED_DEVICE_FAMILY = "1,2";
			};
			name = Debug;
		};
		18AEFC031E10C36400AFAF16 /* Release */ = {
			isa = XCBuildConfiguration;
			buildSettings = {
				ALWAYS_SEARCH_USER_PATHS = NO;
				CLANG_ANALYZER_LOCALIZABILITY_NONLOCALIZED = YES;
				CLANG_ANALYZER_NONNULL = YES;
				CLANG_CXX_LANGUAGE_STANDARD = "gnu++0x";
				CLANG_CXX_LIBRARY = "libc++";
				CLANG_ENABLE_MODULES = YES;
				CLANG_ENABLE_OBJC_ARC = YES;
				CLANG_WARN_BOOL_CONVERSION = YES;
				CLANG_WARN_CONSTANT_CONVERSION = YES;
				CLANG_WARN_DIRECT_OBJC_ISA_USAGE = YES_ERROR;
				CLANG_WARN_DOCUMENTATION_COMMENTS = YES;
				CLANG_WARN_EMPTY_BODY = YES;
				CLANG_WARN_ENUM_CONVERSION = YES;
				CLANG_WARN_INFINITE_RECURSION = YES;
				CLANG_WARN_INT_CONVERSION = YES;
				CLANG_WARN_OBJC_ROOT_CLASS = YES_ERROR;
				CLANG_WARN_SUSPICIOUS_MOVE = YES;
				CLANG_WARN_UNREACHABLE_CODE = YES;
				CLANG_WARN__DUPLICATE_METHOD_MATCH = YES;
				"CODE_SIGN_IDENTITY[sdk=iphoneos*]" = "iPhone Developer";
				COPY_PHASE_STRIP = NO;
				DEBUG_INFORMATION_FORMAT = "dwarf-with-dsym";
				ENABLE_NS_ASSERTIONS = NO;
				ENABLE_STRICT_OBJC_MSGSEND = YES;
				GCC_C_LANGUAGE_STANDARD = gnu99;
				GCC_NO_COMMON_BLOCKS = YES;
				GCC_WARN_64_TO_32_BIT_CONVERSION = YES;
				GCC_WARN_ABOUT_RETURN_TYPE = YES_ERROR;
				GCC_WARN_UNDECLARED_SELECTOR = YES;
				GCC_WARN_UNINITIALIZED_AUTOS = YES_AGGRESSIVE;
				GCC_WARN_UNUSED_FUNCTION = YES;
				GCC_WARN_UNUSED_VARIABLE = YES;
				IPHONEOS_DEPLOYMENT_TARGET = 10.2;
				MTL_ENABLE_DEBUG_INFO = NO;
				SDKROOT = iphoneos;
				TARGETED_DEVICE_FAMILY = "1,2";
				VALIDATE_PRODUCT = YES;
			};
			name = Release;
		};
		18AEFC051E10C36400AFAF16 /* Debug */ = {
			isa = XCBuildConfiguration;
			baseConfigurationReference = 6923A30AEE9690ABE86FAB57 /* Pods-Product.debug.xcconfig */;
			buildSettings = {
				ASSETCATALOG_COMPILER_APPICON_NAME = AppIcon;
				DEVELOPMENT_TEAM = 57MDVZ56MH;
				GCC_PRECOMPILE_PREFIX_HEADER = YES;
				GCC_PREFIX_HEADER = "$(SRCROOT)/Product/PCH/Product.pch";
				INFOPLIST_FILE = Product/Info.plist;
				IPHONEOS_DEPLOYMENT_TARGET = 8.0;
				LD_RUNPATH_SEARCH_PATHS = "$(inherited) @executable_path/Frameworks";
				PRODUCT_BUNDLE_IDENTIFIER = wangsen.Product;
				PRODUCT_NAME = "$(TARGET_NAME)";
				TARGETED_DEVICE_FAMILY = 1;
			};
			name = Debug;
		};
		18AEFC061E10C36400AFAF16 /* Release */ = {
			isa = XCBuildConfiguration;
			baseConfigurationReference = B9F44DC4A0A59370117E8EE3 /* Pods-Product.release.xcconfig */;
			buildSettings = {
				ASSETCATALOG_COMPILER_APPICON_NAME = AppIcon;
				DEVELOPMENT_TEAM = 57MDVZ56MH;
				GCC_PRECOMPILE_PREFIX_HEADER = YES;
				GCC_PREFIX_HEADER = "$(SRCROOT)/Product/PCH/Product.pch";
				INFOPLIST_FILE = Product/Info.plist;
				IPHONEOS_DEPLOYMENT_TARGET = 8.0;
				LD_RUNPATH_SEARCH_PATHS = "$(inherited) @executable_path/Frameworks";
				PRODUCT_BUNDLE_IDENTIFIER = wangsen.Product;
				PRODUCT_NAME = "$(TARGET_NAME)";
				TARGETED_DEVICE_FAMILY = 1;
			};
			name = Release;
		};
		18AEFC081E10C36400AFAF16 /* Debug */ = {
			isa = XCBuildConfiguration;
			buildSettings = {
				BUNDLE_LOADER = "$(TEST_HOST)";
				INFOPLIST_FILE = ProductTests/Info.plist;
				LD_RUNPATH_SEARCH_PATHS = "$(inherited) @executable_path/Frameworks @loader_path/Frameworks";
				PRODUCT_BUNDLE_IDENTIFIER = DD.ProductTests;
				PRODUCT_NAME = "$(TARGET_NAME)";
				TEST_HOST = "$(BUILT_PRODUCTS_DIR)/Product.app/Product";
			};
			name = Debug;
		};
		18AEFC091E10C36400AFAF16 /* Release */ = {
			isa = XCBuildConfiguration;
			buildSettings = {
				BUNDLE_LOADER = "$(TEST_HOST)";
				INFOPLIST_FILE = ProductTests/Info.plist;
				LD_RUNPATH_SEARCH_PATHS = "$(inherited) @executable_path/Frameworks @loader_path/Frameworks";
				PRODUCT_BUNDLE_IDENTIFIER = DD.ProductTests;
				PRODUCT_NAME = "$(TARGET_NAME)";
				TEST_HOST = "$(BUILT_PRODUCTS_DIR)/Product.app/Product";
			};
			name = Release;
		};
		18AEFC0B1E10C36400AFAF16 /* Debug */ = {
			isa = XCBuildConfiguration;
			buildSettings = {
				INFOPLIST_FILE = ProductUITests/Info.plist;
				LD_RUNPATH_SEARCH_PATHS = "$(inherited) @executable_path/Frameworks @loader_path/Frameworks";
				PRODUCT_BUNDLE_IDENTIFIER = DD.ProductUITests;
				PRODUCT_NAME = "$(TARGET_NAME)";
				TEST_TARGET_NAME = Product;
			};
			name = Debug;
		};
		18AEFC0C1E10C36400AFAF16 /* Release */ = {
			isa = XCBuildConfiguration;
			buildSettings = {
				INFOPLIST_FILE = ProductUITests/Info.plist;
				LD_RUNPATH_SEARCH_PATHS = "$(inherited) @executable_path/Frameworks @loader_path/Frameworks";
				PRODUCT_BUNDLE_IDENTIFIER = DD.ProductUITests;
				PRODUCT_NAME = "$(TARGET_NAME)";
				TEST_TARGET_NAME = Product;
			};
			name = Release;
		};
/* End XCBuildConfiguration section */

/* Begin XCConfigurationList section */
		18AEFBCC1E10C36400AFAF16 /* Build configuration list for PBXProject "Product" */ = {
			isa = XCConfigurationList;
			buildConfigurations = (
				18AEFC021E10C36400AFAF16 /* Debug */,
				18AEFC031E10C36400AFAF16 /* Release */,
			);
			defaultConfigurationIsVisible = 0;
			defaultConfigurationName = Release;
		};
		18AEFC041E10C36400AFAF16 /* Build configuration list for PBXNativeTarget "Product" */ = {
			isa = XCConfigurationList;
			buildConfigurations = (
				18AEFC051E10C36400AFAF16 /* Debug */,
				18AEFC061E10C36400AFAF16 /* Release */,
			);
			defaultConfigurationIsVisible = 0;
			defaultConfigurationName = Release;
		};
		18AEFC071E10C36400AFAF16 /* Build configuration list for PBXNativeTarget "ProductTests" */ = {
			isa = XCConfigurationList;
			buildConfigurations = (
				18AEFC081E10C36400AFAF16 /* Debug */,
				18AEFC091E10C36400AFAF16 /* Release */,
			);
			defaultConfigurationIsVisible = 0;
			defaultConfigurationName = Release;
		};
		18AEFC0A1E10C36400AFAF16 /* Build configuration list for PBXNativeTarget "ProductUITests" */ = {
			isa = XCConfigurationList;
			buildConfigurations = (
				18AEFC0B1E10C36400AFAF16 /* Debug */,
				18AEFC0C1E10C36400AFAF16 /* Release */,
			);
			defaultConfigurationIsVisible = 0;
			defaultConfigurationName = Release;
		};
/* End XCConfigurationList section */
	};
	rootObject = 18AEFBC91E10C36400AFAF16 /* Project object */;
}
